// !$*UTF8*$!
{
	archiveVersion = 1;
	classes = {
	};
	objectVersion = 46;
	objects = {

/* Begin PBXBuildFile section */
		7710115F1A696CF100EDD62D /* ofxMask.cpp in Sources */ = {isa = PBXBuildFile; fileRef = 7710115D1A696CF100EDD62D /* ofxMask.cpp */; };
		772B07B71A5C46DD00141777 /* ofxLayoutTextElement.cpp in Sources */ = {isa = PBXBuildFile; fileRef = 772B07B51A5C46DD00141777 /* ofxLayoutTextElement.cpp */; };
		77560CFA1A41BC4600A05C1C /* ofxFontStash.cpp in Sources */ = {isa = PBXBuildFile; fileRef = 77560CF11A41BC4600A05C1C /* ofxFontStash.cpp */; };
		77560CFB1A41BC4600A05C1C /* fontstash.c in Sources */ = {isa = PBXBuildFile; fileRef = 77560CF61A41BC4600A05C1C /* fontstash.c */; };
		77560CFC1A41BC4600A05C1C /* stb_truetype.c in Sources */ = {isa = PBXBuildFile; fileRef = 77560CF81A41BC4600A05C1C /* stb_truetype.c */; };
		77560D181A41BC8700A05C1C /* ofTextConverter.cpp in Sources */ = {isa = PBXBuildFile; fileRef = 77560CFF1A41BC8700A05C1C /* ofTextConverter.cpp */; };
		77560D191A41BC8700A05C1C /* ofUnicode.cpp in Sources */ = {isa = PBXBuildFile; fileRef = 77560D011A41BC8700A05C1C /* ofUnicode.cpp */; };
		77560D1A1A41BC8700A05C1C /* ofUTF8.cpp in Sources */ = {isa = PBXBuildFile; fileRef = 77560D031A41BC8700A05C1C /* ofUTF8.cpp */; };
		77560D281A487D2300A05C1C /* ofxLayout.cpp in Sources */ = {isa = PBXBuildFile; fileRef = 77560D261A487D2200A05C1C /* ofxLayout.cpp */; };
		77C6089C1A3F8AF700093728 /* ofxJSONElement.cpp in Sources */ = {isa = PBXBuildFile; fileRef = 77C608921A3F8AF700093728 /* ofxJSONElement.cpp */; };
		77C6089D1A3F8AF700093728 /* jsoncpp.cpp in Sources */ = {isa = PBXBuildFile; fileRef = 77C6089B1A3F8AF700093728 /* jsoncpp.cpp */; };
		77C608AE1A40BE0200093728 /* ofxProgressiveTextureLoad.cpp in Sources */ = {isa = PBXBuildFile; fileRef = 77C608AA1A40BE0200093728 /* ofxProgressiveTextureLoad.cpp */; };
		77C608AF1A40BE0200093728 /* ProgressiveTextureLoadQueue.cpp in Sources */ = {isa = PBXBuildFile; fileRef = 77C608AC1A40BE0200093728 /* ProgressiveTextureLoadQueue.cpp */; };
		77C609B81A40BEE900093728 /* ofxCvColorImage.cpp in Sources */ = {isa = PBXBuildFile; fileRef = 77C608B31A40BEE900093728 /* ofxCvColorImage.cpp */; };
		77C609B91A40BEE900093728 /* ofxCvContourFinder.cpp in Sources */ = {isa = PBXBuildFile; fileRef = 77C608B61A40BEE900093728 /* ofxCvContourFinder.cpp */; };
		77C609BA1A40BEE900093728 /* ofxCvFloatImage.cpp in Sources */ = {isa = PBXBuildFile; fileRef = 77C608B81A40BEE900093728 /* ofxCvFloatImage.cpp */; };
		77C609BB1A40BEE900093728 /* ofxCvGrayscaleImage.cpp in Sources */ = {isa = PBXBuildFile; fileRef = 77C608BA1A40BEE900093728 /* ofxCvGrayscaleImage.cpp */; };
		77C609BC1A40BEE900093728 /* ofxCvHaarFinder.cpp in Sources */ = {isa = PBXBuildFile; fileRef = 77C608BC1A40BEE900093728 /* ofxCvHaarFinder.cpp */; };
		77C609BD1A40BEE900093728 /* ofxCvImage.cpp in Sources */ = {isa = PBXBuildFile; fileRef = 77C608BE1A40BEE900093728 /* ofxCvImage.cpp */; };
		77C609BE1A40BEE900093728 /* ofxCvShortImage.cpp in Sources */ = {isa = PBXBuildFile; fileRef = 77C608C01A40BEE900093728 /* ofxCvShortImage.cpp */; };
		77C609BF1A40BEE900093728 /* opencv.a in Frameworks */ = {isa = PBXBuildFile; fileRef = 77C6098A1A40BEE900093728 /* opencv.a */; };
		77C609C41A40BF8500093728 /* ofxMSATimer.cpp in Sources */ = {isa = PBXBuildFile; fileRef = 77C609C21A40BF8500093728 /* ofxMSATimer.cpp */; };
		77C609C81A411EAE00093728 /* AVFoundation.framework in Frameworks */ = {isa = PBXBuildFile; fileRef = 77C609C71A411EAD00093728 /* AVFoundation.framework */; };
		77C609CA1A411EBA00093728 /* QuartzCore.framework in Frameworks */ = {isa = PBXBuildFile; fileRef = 77C609C91A411EBA00093728 /* QuartzCore.framework */; };
		77C609CC1A411ECA00093728 /* CoreMedia.framework in Frameworks */ = {isa = PBXBuildFile; fileRef = 77C609CB1A411ECA00093728 /* CoreMedia.framework */; };
		77DF6CB21A5D970A004328D3 /* ofxTimeMeasurements.cpp in Sources */ = {isa = PBXBuildFile; fileRef = 77DF6CAE1A5D970A004328D3 /* ofxTimeMeasurements.cpp */; };
		77E846C21A5AFDDD00DF11CB /* ofxLoaderBatch.cpp in Sources */ = {isa = PBXBuildFile; fileRef = 77E846BE1A5AFDDD00DF11CB /* ofxLoaderBatch.cpp */; };
		77E846C31A5AFDDD00DF11CB /* ofxLoaderSpool.cpp in Sources */ = {isa = PBXBuildFile; fileRef = 77E846C01A5AFDDD00DF11CB /* ofxLoaderSpool.cpp */; };
		77E916101A3B32B000C1362E /* ofxLayoutElement.cpp in Sources */ = {isa = PBXBuildFile; fileRef = 77E9160E1A3B32B000C1362E /* ofxLayoutElement.cpp */; };
		77E916131A3B4B3E00C1362E /* ofxOSS.cpp in Sources */ = {isa = PBXBuildFile; fileRef = 77E916111A3B4B3E00C1362E /* ofxOSS.cpp */; };
		77E9161F1A3F5FF300C1362E /* ofxXmlSettings.cpp in Sources */ = {isa = PBXBuildFile; fileRef = 77E916181A3F5FF300C1362E /* ofxXmlSettings.cpp */; };
		77E916201A3F5FF300C1362E /* tinyxml.cpp in Sources */ = {isa = PBXBuildFile; fileRef = 77E9161B1A3F5FF300C1362E /* tinyxml.cpp */; };
		77E916211A3F5FF300C1362E /* tinyxmlerror.cpp in Sources */ = {isa = PBXBuildFile; fileRef = 77E9161D1A3F5FF300C1362E /* tinyxmlerror.cpp */; };
		77E916221A3F5FF300C1362E /* tinyxmlparser.cpp in Sources */ = {isa = PBXBuildFile; fileRef = 77E9161E1A3F5FF300C1362E /* tinyxmlparser.cpp */; };
		BBAB23CB13894F3D00AA2426 /* GLUT.framework in CopyFiles */ = {isa = PBXBuildFile; fileRef = BBAB23BE13894E4700AA2426 /* GLUT.framework */; };
		E4328149138ABC9F0047C5CB /* openFrameworksDebug.a in Frameworks */ = {isa = PBXBuildFile; fileRef = E4328148138ABC890047C5CB /* openFrameworksDebug.a */; };
		E45BE97B0E8CC7DD009D7055 /* AGL.framework in Frameworks */ = {isa = PBXBuildFile; fileRef = E45BE9710E8CC7DD009D7055 /* AGL.framework */; };
		E45BE97C0E8CC7DD009D7055 /* ApplicationServices.framework in Frameworks */ = {isa = PBXBuildFile; fileRef = E45BE9720E8CC7DD009D7055 /* ApplicationServices.framework */; };
		E45BE97D0E8CC7DD009D7055 /* AudioToolbox.framework in Frameworks */ = {isa = PBXBuildFile; fileRef = E45BE9730E8CC7DD009D7055 /* AudioToolbox.framework */; };
		E45BE97F0E8CC7DD009D7055 /* CoreAudio.framework in Frameworks */ = {isa = PBXBuildFile; fileRef = E45BE9750E8CC7DD009D7055 /* CoreAudio.framework */; };
		E45BE9800E8CC7DD009D7055 /* CoreFoundation.framework in Frameworks */ = {isa = PBXBuildFile; fileRef = E45BE9760E8CC7DD009D7055 /* CoreFoundation.framework */; };
		E45BE9810E8CC7DD009D7055 /* CoreServices.framework in Frameworks */ = {isa = PBXBuildFile; fileRef = E45BE9770E8CC7DD009D7055 /* CoreServices.framework */; };
		E45BE9830E8CC7DD009D7055 /* OpenGL.framework in Frameworks */ = {isa = PBXBuildFile; fileRef = E45BE9790E8CC7DD009D7055 /* OpenGL.framework */; };
		E45BE9840E8CC7DD009D7055 /* QuickTime.framework in Frameworks */ = {isa = PBXBuildFile; fileRef = E45BE97A0E8CC7DD009D7055 /* QuickTime.framework */; };
		E4B69E200A3A1BDC003C02F2 /* main.cpp in Sources */ = {isa = PBXBuildFile; fileRef = E4B69E1D0A3A1BDC003C02F2 /* main.cpp */; };
		E4B69E210A3A1BDC003C02F2 /* ofApp.cpp in Sources */ = {isa = PBXBuildFile; fileRef = E4B69E1E0A3A1BDC003C02F2 /* ofApp.cpp */; };
		E4C2424710CC5A17004149E2 /* AppKit.framework in Frameworks */ = {isa = PBXBuildFile; fileRef = E4C2424410CC5A17004149E2 /* AppKit.framework */; };
		E4C2424810CC5A17004149E2 /* Cocoa.framework in Frameworks */ = {isa = PBXBuildFile; fileRef = E4C2424510CC5A17004149E2 /* Cocoa.framework */; };
		E4C2424910CC5A17004149E2 /* IOKit.framework in Frameworks */ = {isa = PBXBuildFile; fileRef = E4C2424610CC5A17004149E2 /* IOKit.framework */; };
		E4EB6799138ADC1D00A09F29 /* GLUT.framework in Frameworks */ = {isa = PBXBuildFile; fileRef = BBAB23BE13894E4700AA2426 /* GLUT.framework */; };
		E7E077E515D3B63C0020DFD4 /* CoreVideo.framework in Frameworks */ = {isa = PBXBuildFile; fileRef = E7E077E415D3B63C0020DFD4 /* CoreVideo.framework */; };
		E7E077E815D3B6510020DFD4 /* QTKit.framework in Frameworks */ = {isa = PBXBuildFile; fileRef = E7E077E715D3B6510020DFD4 /* QTKit.framework */; };
		E7F985F815E0DEA3003869B5 /* Accelerate.framework in Frameworks */ = {isa = PBXBuildFile; fileRef = E7F985F515E0DE99003869B5 /* Accelerate.framework */; };
/* End PBXBuildFile section */

/* Begin PBXContainerItemProxy section */
		E4328147138ABC890047C5CB /* PBXContainerItemProxy */ = {
			isa = PBXContainerItemProxy;
			containerPortal = E4328143138ABC890047C5CB /* openFrameworksLib.xcodeproj */;
			proxyType = 2;
			remoteGlobalIDString = E4B27C1510CBEB8E00536013;
			remoteInfo = openFrameworks;
		};
		E4EEB9AB138B136A00A80321 /* PBXContainerItemProxy */ = {
			isa = PBXContainerItemProxy;
			containerPortal = E4328143138ABC890047C5CB /* openFrameworksLib.xcodeproj */;
			proxyType = 1;
			remoteGlobalIDString = E4B27C1410CBEB8E00536013;
			remoteInfo = openFrameworks;
		};
/* End PBXContainerItemProxy section */

/* Begin PBXCopyFilesBuildPhase section */
		E4C2427710CC5ABF004149E2 /* CopyFiles */ = {
			isa = PBXCopyFilesBuildPhase;
			buildActionMask = 2147483647;
			dstPath = "";
			dstSubfolderSpec = 10;
			files = (
				BBAB23CB13894F3D00AA2426 /* GLUT.framework in CopyFiles */,
			);
			runOnlyForDeploymentPostprocessing = 0;
		};
/* End PBXCopyFilesBuildPhase section */

/* Begin PBXFileReference section */
		7710115D1A696CF100EDD62D /* ofxMask.cpp */ = {isa = PBXFileReference; lastKnownFileType = sourcecode.cpp.cpp; path = ofxMask.cpp; sourceTree = "<group>"; };
		7710115E1A696CF100EDD62D /* ofxMask.h */ = {isa = PBXFileReference; lastKnownFileType = sourcecode.c.h; path = ofxMask.h; sourceTree = "<group>"; };
		772B07B51A5C46DD00141777 /* ofxLayoutTextElement.cpp */ = {isa = PBXFileReference; fileEncoding = 4; lastKnownFileType = sourcecode.cpp.cpp; path = ofxLayoutTextElement.cpp; sourceTree = "<group>"; };
		772B07B61A5C46DD00141777 /* ofxLayoutTextElement.h */ = {isa = PBXFileReference; fileEncoding = 4; lastKnownFileType = sourcecode.c.h; path = ofxLayoutTextElement.h; sourceTree = "<group>"; };
		77560CF11A41BC4600A05C1C /* ofxFontStash.cpp */ = {isa = PBXFileReference; lastKnownFileType = sourcecode.cpp.cpp; path = ofxFontStash.cpp; sourceTree = "<group>"; };
		77560CF21A41BC4600A05C1C /* ofxFontStash.h */ = {isa = PBXFileReference; lastKnownFileType = sourcecode.c.h; path = ofxFontStash.h; sourceTree = "<group>"; };
		77560CF61A41BC4600A05C1C /* fontstash.c */ = {isa = PBXFileReference; lastKnownFileType = sourcecode.c.c; path = fontstash.c; sourceTree = "<group>"; };
		77560CF71A41BC4600A05C1C /* fontstash.h */ = {isa = PBXFileReference; lastKnownFileType = sourcecode.c.h; path = fontstash.h; sourceTree = "<group>"; };
		77560CF81A41BC4600A05C1C /* stb_truetype.c */ = {isa = PBXFileReference; lastKnownFileType = sourcecode.c.c; path = stb_truetype.c; sourceTree = "<group>"; };
		77560CF91A41BC4600A05C1C /* stb_truetype.h */ = {isa = PBXFileReference; lastKnownFileType = sourcecode.c.h; path = stb_truetype.h; sourceTree = "<group>"; };
		77560CFF1A41BC8700A05C1C /* ofTextConverter.cpp */ = {isa = PBXFileReference; lastKnownFileType = sourcecode.cpp.cpp; path = ofTextConverter.cpp; sourceTree = "<group>"; };
		77560D001A41BC8700A05C1C /* ofTextConverter.h */ = {isa = PBXFileReference; lastKnownFileType = sourcecode.c.h; path = ofTextConverter.h; sourceTree = "<group>"; };
		77560D011A41BC8700A05C1C /* ofUnicode.cpp */ = {isa = PBXFileReference; lastKnownFileType = sourcecode.cpp.cpp; path = ofUnicode.cpp; sourceTree = "<group>"; };
		77560D021A41BC8700A05C1C /* ofUnicode.h */ = {isa = PBXFileReference; lastKnownFileType = sourcecode.c.h; path = ofUnicode.h; sourceTree = "<group>"; };
		77560D031A41BC8700A05C1C /* ofUTF8.cpp */ = {isa = PBXFileReference; lastKnownFileType = sourcecode.cpp.cpp; path = ofUTF8.cpp; sourceTree = "<group>"; };
		77560D041A41BC8700A05C1C /* ofUTF8.h */ = {isa = PBXFileReference; lastKnownFileType = sourcecode.c.h; path = ofUTF8.h; sourceTree = "<group>"; };
		77560D091A41BC8700A05C1C /* checked.h */ = {isa = PBXFileReference; lastKnownFileType = sourcecode.c.h; path = checked.h; sourceTree = "<group>"; };
		77560D0A1A41BC8700A05C1C /* core.h */ = {isa = PBXFileReference; lastKnownFileType = sourcecode.c.h; path = core.h; sourceTree = "<group>"; };
		77560D0B1A41BC8700A05C1C /* unchecked.h */ = {isa = PBXFileReference; lastKnownFileType = sourcecode.c.h; path = unchecked.h; sourceTree = "<group>"; };
		77560D0C1A41BC8700A05C1C /* utf8.h */ = {isa = PBXFileReference; lastKnownFileType = sourcecode.c.h; path = utf8.h; sourceTree = "<group>"; };
		77560D101A41BC8700A05C1C /* ReleaseNotes */ = {isa = PBXFileReference; lastKnownFileType = text; path = ReleaseNotes; sourceTree = "<group>"; };
		77560D111A41BC8700A05C1C /* utf8cpp.html */ = {isa = PBXFileReference; lastKnownFileType = text.html; path = utf8cpp.html; sourceTree = "<group>"; };
		77560D141A41BC8700A05C1C /* checked.h */ = {isa = PBXFileReference; lastKnownFileType = sourcecode.c.h; path = checked.h; sourceTree = "<group>"; };
		77560D151A41BC8700A05C1C /* core.h */ = {isa = PBXFileReference; lastKnownFileType = sourcecode.c.h; path = core.h; sourceTree = "<group>"; };
		77560D161A41BC8700A05C1C /* unchecked.h */ = {isa = PBXFileReference; lastKnownFileType = sourcecode.c.h; path = unchecked.h; sourceTree = "<group>"; };
		77560D171A41BC8700A05C1C /* utf8.h */ = {isa = PBXFileReference; lastKnownFileType = sourcecode.c.h; path = utf8.h; sourceTree = "<group>"; };
		77560D261A487D2200A05C1C /* ofxLayout.cpp */ = {isa = PBXFileReference; fileEncoding = 4; lastKnownFileType = sourcecode.cpp.cpp; path = ofxLayout.cpp; sourceTree = "<group>"; };
		77560D271A487D2300A05C1C /* ofxLayout.h */ = {isa = PBXFileReference; fileEncoding = 4; lastKnownFileType = sourcecode.c.h; path = ofxLayout.h; sourceTree = "<group>"; };
		77C608911A3F8AF700093728 /* ofxJSON.h */ = {isa = PBXFileReference; lastKnownFileType = sourcecode.c.h; path = ofxJSON.h; sourceTree = "<group>"; };
		77C608921A3F8AF700093728 /* ofxJSONElement.cpp */ = {isa = PBXFileReference; lastKnownFileType = sourcecode.cpp.cpp; path = ofxJSONElement.cpp; sourceTree = "<group>"; };
		77C608931A3F8AF700093728 /* ofxJSONElement.h */ = {isa = PBXFileReference; lastKnownFileType = sourcecode.c.h; path = ofxJSONElement.h; sourceTree = "<group>"; };
		77C608981A3F8AF700093728 /* json-forwards.h */ = {isa = PBXFileReference; lastKnownFileType = sourcecode.c.h; path = "json-forwards.h"; sourceTree = "<group>"; };
		77C608991A3F8AF700093728 /* json.h */ = {isa = PBXFileReference; lastKnownFileType = sourcecode.c.h; path = json.h; sourceTree = "<group>"; };
		77C6089B1A3F8AF700093728 /* jsoncpp.cpp */ = {isa = PBXFileReference; lastKnownFileType = sourcecode.cpp.cpp; path = jsoncpp.cpp; sourceTree = "<group>"; };
		77C608AA1A40BE0200093728 /* ofxProgressiveTextureLoad.cpp */ = {isa = PBXFileReference; lastKnownFileType = sourcecode.cpp.cpp; path = ofxProgressiveTextureLoad.cpp; sourceTree = "<group>"; };
		77C608AB1A40BE0200093728 /* ofxProgressiveTextureLoad.h */ = {isa = PBXFileReference; lastKnownFileType = sourcecode.c.h; path = ofxProgressiveTextureLoad.h; sourceTree = "<group>"; };
		77C608AC1A40BE0200093728 /* ProgressiveTextureLoadQueue.cpp */ = {isa = PBXFileReference; lastKnownFileType = sourcecode.cpp.cpp; path = ProgressiveTextureLoadQueue.cpp; sourceTree = "<group>"; };
		77C608AD1A40BE0200093728 /* ProgressiveTextureLoadQueue.h */ = {isa = PBXFileReference; lastKnownFileType = sourcecode.c.h; path = ProgressiveTextureLoadQueue.h; sourceTree = "<group>"; };
		77C608B21A40BEE900093728 /* ofxCvBlob.h */ = {isa = PBXFileReference; lastKnownFileType = sourcecode.c.h; path = ofxCvBlob.h; sourceTree = "<group>"; };
		77C608B31A40BEE900093728 /* ofxCvColorImage.cpp */ = {isa = PBXFileReference; lastKnownFileType = sourcecode.cpp.cpp; path = ofxCvColorImage.cpp; sourceTree = "<group>"; };
		77C608B41A40BEE900093728 /* ofxCvColorImage.h */ = {isa = PBXFileReference; lastKnownFileType = sourcecode.c.h; path = ofxCvColorImage.h; sourceTree = "<group>"; };
		77C608B51A40BEE900093728 /* ofxCvConstants.h */ = {isa = PBXFileReference; lastKnownFileType = sourcecode.c.h; path = ofxCvConstants.h; sourceTree = "<group>"; };
		77C608B61A40BEE900093728 /* ofxCvContourFinder.cpp */ = {isa = PBXFileReference; lastKnownFileType = sourcecode.cpp.cpp; path = ofxCvContourFinder.cpp; sourceTree = "<group>"; };
		77C608B71A40BEE900093728 /* ofxCvContourFinder.h */ = {isa = PBXFileReference; lastKnownFileType = sourcecode.c.h; path = ofxCvContourFinder.h; sourceTree = "<group>"; };
		77C608B81A40BEE900093728 /* ofxCvFloatImage.cpp */ = {isa = PBXFileReference; lastKnownFileType = sourcecode.cpp.cpp; path = ofxCvFloatImage.cpp; sourceTree = "<group>"; };
		77C608B91A40BEE900093728 /* ofxCvFloatImage.h */ = {isa = PBXFileReference; lastKnownFileType = sourcecode.c.h; path = ofxCvFloatImage.h; sourceTree = "<group>"; };
		77C608BA1A40BEE900093728 /* ofxCvGrayscaleImage.cpp */ = {isa = PBXFileReference; lastKnownFileType = sourcecode.cpp.cpp; path = ofxCvGrayscaleImage.cpp; sourceTree = "<group>"; };
		77C608BB1A40BEE900093728 /* ofxCvGrayscaleImage.h */ = {isa = PBXFileReference; lastKnownFileType = sourcecode.c.h; path = ofxCvGrayscaleImage.h; sourceTree = "<group>"; };
		77C608BC1A40BEE900093728 /* ofxCvHaarFinder.cpp */ = {isa = PBXFileReference; lastKnownFileType = sourcecode.cpp.cpp; path = ofxCvHaarFinder.cpp; sourceTree = "<group>"; };
		77C608BD1A40BEE900093728 /* ofxCvHaarFinder.h */ = {isa = PBXFileReference; lastKnownFileType = sourcecode.c.h; path = ofxCvHaarFinder.h; sourceTree = "<group>"; };
		77C608BE1A40BEE900093728 /* ofxCvImage.cpp */ = {isa = PBXFileReference; lastKnownFileType = sourcecode.cpp.cpp; path = ofxCvImage.cpp; sourceTree = "<group>"; };
		77C608BF1A40BEE900093728 /* ofxCvImage.h */ = {isa = PBXFileReference; lastKnownFileType = sourcecode.c.h; path = ofxCvImage.h; sourceTree = "<group>"; };
		77C608C01A40BEE900093728 /* ofxCvShortImage.cpp */ = {isa = PBXFileReference; lastKnownFileType = sourcecode.cpp.cpp; path = ofxCvShortImage.cpp; sourceTree = "<group>"; };
		77C608C11A40BEE900093728 /* ofxCvShortImage.h */ = {isa = PBXFileReference; lastKnownFileType = sourcecode.c.h; path = ofxCvShortImage.h; sourceTree = "<group>"; };
		77C608C21A40BEE900093728 /* ofxOpenCv.h */ = {isa = PBXFileReference; lastKnownFileType = sourcecode.c.h; path = ofxOpenCv.h; sourceTree = "<group>"; };
		77C608C71A40BEE900093728 /* cv.h */ = {isa = PBXFileReference; lastKnownFileType = sourcecode.c.h; path = cv.h; sourceTree = "<group>"; };
		77C608C81A40BEE900093728 /* cv.hpp */ = {isa = PBXFileReference; lastKnownFileType = sourcecode.cpp.h; path = cv.hpp; sourceTree = "<group>"; };
		77C608C91A40BEE900093728 /* cvaux.h */ = {isa = PBXFileReference; lastKnownFileType = sourcecode.c.h; path = cvaux.h; sourceTree = "<group>"; };
		77C608CA1A40BEE900093728 /* cvaux.hpp */ = {isa = PBXFileReference; lastKnownFileType = sourcecode.cpp.h; path = cvaux.hpp; sourceTree = "<group>"; };
		77C608CB1A40BEE900093728 /* cvwimage.h */ = {isa = PBXFileReference; lastKnownFileType = sourcecode.c.h; path = cvwimage.h; sourceTree = "<group>"; };
		77C608CC1A40BEE900093728 /* cxcore.h */ = {isa = PBXFileReference; lastKnownFileType = sourcecode.c.h; path = cxcore.h; sourceTree = "<group>"; };
		77C608CD1A40BEE900093728 /* cxcore.hpp */ = {isa = PBXFileReference; lastKnownFileType = sourcecode.cpp.h; path = cxcore.hpp; sourceTree = "<group>"; };
		77C608CE1A40BEE900093728 /* cxeigen.hpp */ = {isa = PBXFileReference; lastKnownFileType = sourcecode.cpp.h; path = cxeigen.hpp; sourceTree = "<group>"; };
		77C608CF1A40BEE900093728 /* cxmisc.h */ = {isa = PBXFileReference; lastKnownFileType = sourcecode.c.h; path = cxmisc.h; sourceTree = "<group>"; };
		77C608D01A40BEE900093728 /* highgui.h */ = {isa = PBXFileReference; lastKnownFileType = sourcecode.c.h; path = highgui.h; sourceTree = "<group>"; };
		77C608D11A40BEE900093728 /* ml.h */ = {isa = PBXFileReference; lastKnownFileType = sourcecode.c.h; path = ml.h; sourceTree = "<group>"; };
		77C608D41A40BEE900093728 /* calib3d.hpp */ = {isa = PBXFileReference; lastKnownFileType = sourcecode.cpp.h; path = calib3d.hpp; sourceTree = "<group>"; };
		77C608D61A40BEE900093728 /* contrib.hpp */ = {isa = PBXFileReference; lastKnownFileType = sourcecode.cpp.h; path = contrib.hpp; sourceTree = "<group>"; };
		77C608D71A40BEE900093728 /* retina.hpp */ = {isa = PBXFileReference; lastKnownFileType = sourcecode.cpp.h; path = retina.hpp; sourceTree = "<group>"; };
		77C608D91A40BEE900093728 /* core.hpp */ = {isa = PBXFileReference; lastKnownFileType = sourcecode.cpp.h; path = core.hpp; sourceTree = "<group>"; };
		77C608DA1A40BEE900093728 /* core_c.h */ = {isa = PBXFileReference; lastKnownFileType = sourcecode.c.h; path = core_c.h; sourceTree = "<group>"; };
		77C608DB1A40BEE900093728 /* eigen.hpp */ = {isa = PBXFileReference; lastKnownFileType = sourcecode.cpp.h; path = eigen.hpp; sourceTree = "<group>"; };
		77C608DC1A40BEE900093728 /* internal.hpp */ = {isa = PBXFileReference; lastKnownFileType = sourcecode.cpp.h; path = internal.hpp; sourceTree = "<group>"; };
		77C608DD1A40BEE900093728 /* mat.hpp */ = {isa = PBXFileReference; lastKnownFileType = sourcecode.cpp.h; path = mat.hpp; sourceTree = "<group>"; };
		77C608DE1A40BEE900093728 /* operations.hpp */ = {isa = PBXFileReference; lastKnownFileType = sourcecode.cpp.h; path = operations.hpp; sourceTree = "<group>"; };
		77C608DF1A40BEE900093728 /* types_c.h */ = {isa = PBXFileReference; lastKnownFileType = sourcecode.c.h; path = types_c.h; sourceTree = "<group>"; };
		77C608E01A40BEE900093728 /* version.hpp */ = {isa = PBXFileReference; lastKnownFileType = sourcecode.cpp.h; path = version.hpp; sourceTree = "<group>"; };
		77C608E11A40BEE900093728 /* wimage.hpp */ = {isa = PBXFileReference; lastKnownFileType = sourcecode.cpp.h; path = wimage.hpp; sourceTree = "<group>"; };
		77C608E31A40BEE900093728 /* features2d.hpp */ = {isa = PBXFileReference; lastKnownFileType = sourcecode.cpp.h; path = features2d.hpp; sourceTree = "<group>"; };
		77C608E51A40BEE900093728 /* all_indices.h */ = {isa = PBXFileReference; lastKnownFileType = sourcecode.c.h; path = all_indices.h; sourceTree = "<group>"; };
		77C608E61A40BEE900093728 /* allocator.h */ = {isa = PBXFileReference; lastKnownFileType = sourcecode.c.h; path = allocator.h; sourceTree = "<group>"; };
		77C608E71A40BEE900093728 /* any.h */ = {isa = PBXFileReference; lastKnownFileType = sourcecode.c.h; path = any.h; sourceTree = "<group>"; };
		77C608E81A40BEE900093728 /* autotuned_index.h */ = {isa = PBXFileReference; lastKnownFileType = sourcecode.c.h; path = autotuned_index.h; sourceTree = "<group>"; };
		77C608E91A40BEE900093728 /* composite_index.h */ = {isa = PBXFileReference; lastKnownFileType = sourcecode.c.h; path = composite_index.h; sourceTree = "<group>"; };
		77C608EA1A40BEE900093728 /* config.h */ = {isa = PBXFileReference; lastKnownFileType = sourcecode.c.h; path = config.h; sourceTree = "<group>"; };
		77C608EB1A40BEE900093728 /* defines.h */ = {isa = PBXFileReference; lastKnownFileType = sourcecode.c.h; path = defines.h; sourceTree = "<group>"; };
		77C608EC1A40BEE900093728 /* dist.h */ = {isa = PBXFileReference; lastKnownFileType = sourcecode.c.h; path = dist.h; sourceTree = "<group>"; };
		77C608ED1A40BEE900093728 /* dummy.h */ = {isa = PBXFileReference; lastKnownFileType = sourcecode.c.h; path = dummy.h; sourceTree = "<group>"; };
		77C608EE1A40BEE900093728 /* dynamic_bitset.h */ = {isa = PBXFileReference; lastKnownFileType = sourcecode.c.h; path = dynamic_bitset.h; sourceTree = "<group>"; };
		77C608EF1A40BEE900093728 /* flann.hpp */ = {isa = PBXFileReference; lastKnownFileType = sourcecode.cpp.h; path = flann.hpp; sourceTree = "<group>"; };
		77C608F01A40BEE900093728 /* flann_base.hpp */ = {isa = PBXFileReference; lastKnownFileType = sourcecode.cpp.h; path = flann_base.hpp; sourceTree = "<group>"; };
		77C608F11A40BEE900093728 /* general.h */ = {isa = PBXFileReference; lastKnownFileType = sourcecode.c.h; path = general.h; sourceTree = "<group>"; };
		77C608F21A40BEE900093728 /* ground_truth.h */ = {isa = PBXFileReference; lastKnownFileType = sourcecode.c.h; path = ground_truth.h; sourceTree = "<group>"; };
		77C608F31A40BEE900093728 /* hdf5.h */ = {isa = PBXFileReference; lastKnownFileType = sourcecode.c.h; path = hdf5.h; sourceTree = "<group>"; };
		77C608F41A40BEE900093728 /* heap.h */ = {isa = PBXFileReference; lastKnownFileType = sourcecode.c.h; path = heap.h; sourceTree = "<group>"; };
		77C608F51A40BEE900093728 /* hierarchical_clustering_index.h */ = {isa = PBXFileReference; lastKnownFileType = sourcecode.c.h; path = hierarchical_clustering_index.h; sourceTree = "<group>"; };
		77C608F61A40BEE900093728 /* index_testing.h */ = {isa = PBXFileReference; lastKnownFileType = sourcecode.c.h; path = index_testing.h; sourceTree = "<group>"; };
		77C608F71A40BEE900093728 /* kdtree_index.h */ = {isa = PBXFileReference; lastKnownFileType = sourcecode.c.h; path = kdtree_index.h; sourceTree = "<group>"; };
		77C608F81A40BEE900093728 /* kdtree_single_index.h */ = {isa = PBXFileReference; lastKnownFileType = sourcecode.c.h; path = kdtree_single_index.h; sourceTree = "<group>"; };
		77C608F91A40BEE900093728 /* kmeans_index.h */ = {isa = PBXFileReference; lastKnownFileType = sourcecode.c.h; path = kmeans_index.h; sourceTree = "<group>"; };
		77C608FA1A40BEE900093728 /* linear_index.h */ = {isa = PBXFileReference; lastKnownFileType = sourcecode.c.h; path = linear_index.h; sourceTree = "<group>"; };
		77C608FB1A40BEE900093728 /* logger.h */ = {isa = PBXFileReference; lastKnownFileType = sourcecode.c.h; path = logger.h; sourceTree = "<group>"; };
		77C608FC1A40BEE900093728 /* lsh_index.h */ = {isa = PBXFileReference; lastKnownFileType = sourcecode.c.h; path = lsh_index.h; sourceTree = "<group>"; };
		77C608FD1A40BEE900093728 /* lsh_table.h */ = {isa = PBXFileReference; lastKnownFileType = sourcecode.c.h; path = lsh_table.h; sourceTree = "<group>"; };
		77C608FE1A40BEE900093728 /* matrix.h */ = {isa = PBXFileReference; lastKnownFileType = sourcecode.c.h; path = matrix.h; sourceTree = "<group>"; };
		77C608FF1A40BEE900093728 /* miniflann.hpp */ = {isa = PBXFileReference; lastKnownFileType = sourcecode.cpp.h; path = miniflann.hpp; sourceTree = "<group>"; };
		77C609001A40BEE900093728 /* nn_index.h */ = {isa = PBXFileReference; lastKnownFileType = sourcecode.c.h; path = nn_index.h; sourceTree = "<group>"; };
		77C609011A40BEE900093728 /* object_factory.h */ = {isa = PBXFileReference; lastKnownFileType = sourcecode.c.h; path = object_factory.h; sourceTree = "<group>"; };
		77C609021A40BEE900093728 /* params.h */ = {isa = PBXFileReference; lastKnownFileType = sourcecode.c.h; path = params.h; sourceTree = "<group>"; };
		77C609031A40BEE900093728 /* random.h */ = {isa = PBXFileReference; lastKnownFileType = sourcecode.c.h; path = random.h; sourceTree = "<group>"; };
		77C609041A40BEE900093728 /* result_set.h */ = {isa = PBXFileReference; lastKnownFileType = sourcecode.c.h; path = result_set.h; sourceTree = "<group>"; };
		77C609051A40BEE900093728 /* sampling.h */ = {isa = PBXFileReference; lastKnownFileType = sourcecode.c.h; path = sampling.h; sourceTree = "<group>"; };
		77C609061A40BEE900093728 /* saving.h */ = {isa = PBXFileReference; lastKnownFileType = sourcecode.c.h; path = saving.h; sourceTree = "<group>"; };
		77C609071A40BEE900093728 /* simplex_downhill.h */ = {isa = PBXFileReference; lastKnownFileType = sourcecode.c.h; path = simplex_downhill.h; sourceTree = "<group>"; };
		77C609081A40BEE900093728 /* timer.h */ = {isa = PBXFileReference; lastKnownFileType = sourcecode.c.h; path = timer.h; sourceTree = "<group>"; };
		77C6090A1A40BEE900093728 /* devmem2d.hpp */ = {isa = PBXFileReference; lastKnownFileType = sourcecode.cpp.h; path = devmem2d.hpp; sourceTree = "<group>"; };
		77C6090B1A40BEE900093728 /* gpu.hpp */ = {isa = PBXFileReference; lastKnownFileType = sourcecode.cpp.h; path = gpu.hpp; sourceTree = "<group>"; };
		77C6090C1A40BEE900093728 /* gpumat.hpp */ = {isa = PBXFileReference; lastKnownFileType = sourcecode.cpp.h; path = gpumat.hpp; sourceTree = "<group>"; };
		77C6090D1A40BEE900093728 /* matrix_operations.hpp */ = {isa = PBXFileReference; lastKnownFileType = sourcecode.cpp.h; path = matrix_operations.hpp; sourceTree = "<group>"; };
		77C6090E1A40BEE900093728 /* stream_accessor.hpp */ = {isa = PBXFileReference; lastKnownFileType = sourcecode.cpp.h; path = stream_accessor.hpp; sourceTree = "<group>"; };
		77C609101A40BEE900093728 /* highgui.hpp */ = {isa = PBXFileReference; lastKnownFileType = sourcecode.cpp.h; path = highgui.hpp; sourceTree = "<group>"; };
		77C609111A40BEE900093728 /* highgui_c.h */ = {isa = PBXFileReference; lastKnownFileType = sourcecode.c.h; path = highgui_c.h; sourceTree = "<group>"; };
		77C609131A40BEE900093728 /* imgproc.hpp */ = {isa = PBXFileReference; lastKnownFileType = sourcecode.cpp.h; path = imgproc.hpp; sourceTree = "<group>"; };
		77C609141A40BEE900093728 /* imgproc_c.h */ = {isa = PBXFileReference; lastKnownFileType = sourcecode.c.h; path = imgproc_c.h; sourceTree = "<group>"; };
		77C609151A40BEE900093728 /* types_c.h */ = {isa = PBXFileReference; lastKnownFileType = sourcecode.c.h; path = types_c.h; sourceTree = "<group>"; };
		77C609171A40BEE900093728 /* blobtrack.hpp */ = {isa = PBXFileReference; lastKnownFileType = sourcecode.cpp.h; path = blobtrack.hpp; sourceTree = "<group>"; };
		77C609181A40BEE900093728 /* compat.hpp */ = {isa = PBXFileReference; lastKnownFileType = sourcecode.cpp.h; path = compat.hpp; sourceTree = "<group>"; };
		77C609191A40BEE900093728 /* legacy.hpp */ = {isa = PBXFileReference; lastKnownFileType = sourcecode.cpp.h; path = legacy.hpp; sourceTree = "<group>"; };
		77C6091A1A40BEE900093728 /* streams.hpp */ = {isa = PBXFileReference; lastKnownFileType = sourcecode.cpp.h; path = streams.hpp; sourceTree = "<group>"; };
		77C6091C1A40BEE900093728 /* ml.hpp */ = {isa = PBXFileReference; lastKnownFileType = sourcecode.cpp.h; path = ml.hpp; sourceTree = "<group>"; };
		77C6091E1A40BEE900093728 /* objdetect.hpp */ = {isa = PBXFileReference; lastKnownFileType = sourcecode.cpp.h; path = objdetect.hpp; sourceTree = "<group>"; };
		77C6091F1A40BEE900093728 /* opencv.hpp */ = {isa = PBXFileReference; lastKnownFileType = sourcecode.cpp.h; path = opencv.hpp; sourceTree = "<group>"; };
		77C609211A40BEE900093728 /* ts.hpp */ = {isa = PBXFileReference; lastKnownFileType = sourcecode.cpp.h; path = ts.hpp; sourceTree = "<group>"; };
		77C609221A40BEE900093728 /* ts_gtest.h */ = {isa = PBXFileReference; lastKnownFileType = sourcecode.c.h; path = ts_gtest.h; sourceTree = "<group>"; };
		77C609241A40BEE900093728 /* background_segm.hpp */ = {isa = PBXFileReference; lastKnownFileType = sourcecode.cpp.h; path = background_segm.hpp; sourceTree = "<group>"; };
		77C609251A40BEE900093728 /* tracking.hpp */ = {isa = PBXFileReference; lastKnownFileType = sourcecode.cpp.h; path = tracking.hpp; sourceTree = "<group>"; };
		77C609261A40BEE900093728 /* video.hpp */ = {isa = PBXFileReference; lastKnownFileType = sourcecode.cpp.h; path = video.hpp; sourceTree = "<group>"; };
		77C6098A1A40BEE900093728 /* opencv.a */ = {isa = PBXFileReference; lastKnownFileType = archive.ar; path = opencv.a; sourceTree = "<group>"; };
		77C609C21A40BF8500093728 /* ofxMSATimer.cpp */ = {isa = PBXFileReference; lastKnownFileType = sourcecode.cpp.cpp; path = ofxMSATimer.cpp; sourceTree = "<group>"; };
		77C609C31A40BF8500093728 /* ofxMSATimer.h */ = {isa = PBXFileReference; lastKnownFileType = sourcecode.c.h; path = ofxMSATimer.h; sourceTree = "<group>"; };
		77C609C71A411EAD00093728 /* AVFoundation.framework */ = {isa = PBXFileReference; lastKnownFileType = wrapper.framework; name = AVFoundation.framework; path = System/Library/Frameworks/AVFoundation.framework; sourceTree = SDKROOT; };
		77C609C91A411EBA00093728 /* QuartzCore.framework */ = {isa = PBXFileReference; lastKnownFileType = wrapper.framework; name = QuartzCore.framework; path = System/Library/Frameworks/QuartzCore.framework; sourceTree = SDKROOT; };
		77C609CB1A411ECA00093728 /* CoreMedia.framework */ = {isa = PBXFileReference; lastKnownFileType = wrapper.framework; name = CoreMedia.framework; path = System/Library/Frameworks/CoreMedia.framework; sourceTree = SDKROOT; };
		77DF6CAE1A5D970A004328D3 /* ofxTimeMeasurements.cpp */ = {isa = PBXFileReference; lastKnownFileType = sourcecode.cpp.cpp; path = ofxTimeMeasurements.cpp; sourceTree = "<group>"; };
		77DF6CAF1A5D970A004328D3 /* ofxTimeMeasurements.h */ = {isa = PBXFileReference; lastKnownFileType = sourcecode.c.h; path = ofxTimeMeasurements.h; sourceTree = "<group>"; };
		77DF6CB11A5D970A004328D3 /* tree.h */ = {isa = PBXFileReference; lastKnownFileType = sourcecode.c.h; path = tree.h; sourceTree = "<group>"; };
		77E846BE1A5AFDDD00DF11CB /* ofxLoaderBatch.cpp */ = {isa = PBXFileReference; lastKnownFileType = sourcecode.cpp.cpp; path = ofxLoaderBatch.cpp; sourceTree = "<group>"; };
		77E846BF1A5AFDDD00DF11CB /* ofxLoaderBatch.h */ = {isa = PBXFileReference; lastKnownFileType = sourcecode.c.h; path = ofxLoaderBatch.h; sourceTree = "<group>"; };
		77E846C01A5AFDDD00DF11CB /* ofxLoaderSpool.cpp */ = {isa = PBXFileReference; lastKnownFileType = sourcecode.cpp.cpp; path = ofxLoaderSpool.cpp; sourceTree = "<group>"; };
		77E846C11A5AFDDD00DF11CB /* ofxLoaderSpool.h */ = {isa = PBXFileReference; lastKnownFileType = sourcecode.c.h; path = ofxLoaderSpool.h; sourceTree = "<group>"; };
		77E9160E1A3B32B000C1362E /* ofxLayoutElement.cpp */ = {isa = PBXFileReference; lastKnownFileType = sourcecode.cpp.cpp; path = ofxLayoutElement.cpp; sourceTree = "<group>"; };
		77E9160F1A3B32B000C1362E /* ofxLayoutElement.h */ = {isa = PBXFileReference; lastKnownFileType = sourcecode.c.h; path = ofxLayoutElement.h; sourceTree = "<group>"; };
		77E916111A3B4B3E00C1362E /* ofxOSS.cpp */ = {isa = PBXFileReference; fileEncoding = 4; lastKnownFileType = sourcecode.cpp.cpp; path = ofxOSS.cpp; sourceTree = "<group>"; };
		77E916121A3B4B3E00C1362E /* ofxOSS.h */ = {isa = PBXFileReference; fileEncoding = 4; lastKnownFileType = sourcecode.c.h; path = ofxOSS.h; sourceTree = "<group>"; };
		77E916181A3F5FF300C1362E /* ofxXmlSettings.cpp */ = {isa = PBXFileReference; lastKnownFileType = sourcecode.cpp.cpp; path = ofxXmlSettings.cpp; sourceTree = "<group>"; };
		77E916191A3F5FF300C1362E /* ofxXmlSettings.h */ = {isa = PBXFileReference; lastKnownFileType = sourcecode.c.h; path = ofxXmlSettings.h; sourceTree = "<group>"; };
		77E9161B1A3F5FF300C1362E /* tinyxml.cpp */ = {isa = PBXFileReference; lastKnownFileType = sourcecode.cpp.cpp; path = tinyxml.cpp; sourceTree = "<group>"; };
		77E9161C1A3F5FF300C1362E /* tinyxml.h */ = {isa = PBXFileReference; lastKnownFileType = sourcecode.c.h; path = tinyxml.h; sourceTree = "<group>"; };
		77E9161D1A3F5FF300C1362E /* tinyxmlerror.cpp */ = {isa = PBXFileReference; lastKnownFileType = sourcecode.cpp.cpp; path = tinyxmlerror.cpp; sourceTree = "<group>"; };
		77E9161E1A3F5FF300C1362E /* tinyxmlparser.cpp */ = {isa = PBXFileReference; lastKnownFileType = sourcecode.cpp.cpp; path = tinyxmlparser.cpp; sourceTree = "<group>"; };
		BBAB23BE13894E4700AA2426 /* GLUT.framework */ = {isa = PBXFileReference; lastKnownFileType = wrapper.framework; name = GLUT.framework; path = ../../openFrameworks/libs/glut/lib/osx/GLUT.framework; sourceTree = "<group>"; };
		E4328143138ABC890047C5CB /* openFrameworksLib.xcodeproj */ = {isa = PBXFileReference; lastKnownFileType = "wrapper.pb-project"; name = openFrameworksLib.xcodeproj; path = ../../openFrameworks/libs/openFrameworksCompiled/project/osx/openFrameworksLib.xcodeproj; sourceTree = SOURCE_ROOT; };
		E45BE9710E8CC7DD009D7055 /* AGL.framework */ = {isa = PBXFileReference; lastKnownFileType = wrapper.framework; name = AGL.framework; path = /System/Library/Frameworks/AGL.framework; sourceTree = "<absolute>"; };
		E45BE9720E8CC7DD009D7055 /* ApplicationServices.framework */ = {isa = PBXFileReference; lastKnownFileType = wrapper.framework; name = ApplicationServices.framework; path = /System/Library/Frameworks/ApplicationServices.framework; sourceTree = "<absolute>"; };
		E45BE9730E8CC7DD009D7055 /* AudioToolbox.framework */ = {isa = PBXFileReference; lastKnownFileType = wrapper.framework; name = AudioToolbox.framework; path = /System/Library/Frameworks/AudioToolbox.framework; sourceTree = "<absolute>"; };
		E45BE9750E8CC7DD009D7055 /* CoreAudio.framework */ = {isa = PBXFileReference; lastKnownFileType = wrapper.framework; name = CoreAudio.framework; path = /System/Library/Frameworks/CoreAudio.framework; sourceTree = "<absolute>"; };
		E45BE9760E8CC7DD009D7055 /* CoreFoundation.framework */ = {isa = PBXFileReference; lastKnownFileType = wrapper.framework; name = CoreFoundation.framework; path = /System/Library/Frameworks/CoreFoundation.framework; sourceTree = "<absolute>"; };
		E45BE9770E8CC7DD009D7055 /* CoreServices.framework */ = {isa = PBXFileReference; lastKnownFileType = wrapper.framework; name = CoreServices.framework; path = /System/Library/Frameworks/CoreServices.framework; sourceTree = "<absolute>"; };
		E45BE9790E8CC7DD009D7055 /* OpenGL.framework */ = {isa = PBXFileReference; lastKnownFileType = wrapper.framework; name = OpenGL.framework; path = /System/Library/Frameworks/OpenGL.framework; sourceTree = "<absolute>"; };
		E45BE97A0E8CC7DD009D7055 /* QuickTime.framework */ = {isa = PBXFileReference; lastKnownFileType = wrapper.framework; name = QuickTime.framework; path = /System/Library/Frameworks/QuickTime.framework; sourceTree = "<absolute>"; };
		E4B69B5B0A3A1756003C02F2 /* exampleDebug.app */ = {isa = PBXFileReference; explicitFileType = wrapper.application; includeInIndex = 0; path = exampleDebug.app; sourceTree = BUILT_PRODUCTS_DIR; };
		E4B69E1D0A3A1BDC003C02F2 /* main.cpp */ = {isa = PBXFileReference; fileEncoding = 30; lastKnownFileType = sourcecode.cpp.cpp; name = main.cpp; path = src/main.cpp; sourceTree = SOURCE_ROOT; };
		E4B69E1E0A3A1BDC003C02F2 /* ofApp.cpp */ = {isa = PBXFileReference; explicitFileType = sourcecode.cpp.cpp; fileEncoding = 30; name = ofApp.cpp; path = src/ofApp.cpp; sourceTree = SOURCE_ROOT; };
		E4B69E1F0A3A1BDC003C02F2 /* ofApp.h */ = {isa = PBXFileReference; fileEncoding = 30; lastKnownFileType = sourcecode.c.h; name = ofApp.h; path = src/ofApp.h; sourceTree = SOURCE_ROOT; };
		E4B6FCAD0C3E899E008CF71C /* openFrameworks-Info.plist */ = {isa = PBXFileReference; fileEncoding = 30; lastKnownFileType = text.plist.xml; path = "openFrameworks-Info.plist"; sourceTree = "<group>"; };
		E4C2424410CC5A17004149E2 /* AppKit.framework */ = {isa = PBXFileReference; lastKnownFileType = wrapper.framework; name = AppKit.framework; path = /System/Library/Frameworks/AppKit.framework; sourceTree = "<absolute>"; };
		E4C2424510CC5A17004149E2 /* Cocoa.framework */ = {isa = PBXFileReference; lastKnownFileType = wrapper.framework; name = Cocoa.framework; path = /System/Library/Frameworks/Cocoa.framework; sourceTree = "<absolute>"; };
		E4C2424610CC5A17004149E2 /* IOKit.framework */ = {isa = PBXFileReference; lastKnownFileType = wrapper.framework; name = IOKit.framework; path = /System/Library/Frameworks/IOKit.framework; sourceTree = "<absolute>"; };
		E4EB691F138AFCF100A09F29 /* CoreOF.xcconfig */ = {isa = PBXFileReference; fileEncoding = 4; lastKnownFileType = text.xcconfig; name = CoreOF.xcconfig; path = ../../openFrameworks/libs/openFrameworksCompiled/project/osx/CoreOF.xcconfig; sourceTree = SOURCE_ROOT; };
		E4EB6923138AFD0F00A09F29 /* Project.xcconfig */ = {isa = PBXFileReference; fileEncoding = 4; lastKnownFileType = text.xcconfig; path = Project.xcconfig; sourceTree = "<group>"; };
		E7E077E415D3B63C0020DFD4 /* CoreVideo.framework */ = {isa = PBXFileReference; lastKnownFileType = wrapper.framework; name = CoreVideo.framework; path = /System/Library/Frameworks/CoreVideo.framework; sourceTree = "<absolute>"; };
		E7E077E715D3B6510020DFD4 /* QTKit.framework */ = {isa = PBXFileReference; lastKnownFileType = wrapper.framework; name = QTKit.framework; path = /System/Library/Frameworks/QTKit.framework; sourceTree = "<absolute>"; };
		E7F985F515E0DE99003869B5 /* Accelerate.framework */ = {isa = PBXFileReference; lastKnownFileType = wrapper.framework; name = Accelerate.framework; path = /System/Library/Frameworks/Accelerate.framework; sourceTree = "<absolute>"; };
/* End PBXFileReference section */

/* Begin PBXFrameworksBuildPhase section */
		E4B69B590A3A1756003C02F2 /* Frameworks */ = {
			isa = PBXFrameworksBuildPhase;
			buildActionMask = 2147483647;
			files = (
				77C609CC1A411ECA00093728 /* CoreMedia.framework in Frameworks */,
				77C609CA1A411EBA00093728 /* QuartzCore.framework in Frameworks */,
				77C609C81A411EAE00093728 /* AVFoundation.framework in Frameworks */,
				E7F985F815E0DEA3003869B5 /* Accelerate.framework in Frameworks */,
				E7E077E815D3B6510020DFD4 /* QTKit.framework in Frameworks */,
				E4EB6799138ADC1D00A09F29 /* GLUT.framework in Frameworks */,
				E4328149138ABC9F0047C5CB /* openFrameworksDebug.a in Frameworks */,
				E45BE97B0E8CC7DD009D7055 /* AGL.framework in Frameworks */,
				E45BE97C0E8CC7DD009D7055 /* ApplicationServices.framework in Frameworks */,
				E45BE97D0E8CC7DD009D7055 /* AudioToolbox.framework in Frameworks */,
				E45BE97F0E8CC7DD009D7055 /* CoreAudio.framework in Frameworks */,
				E45BE9800E8CC7DD009D7055 /* CoreFoundation.framework in Frameworks */,
				E45BE9810E8CC7DD009D7055 /* CoreServices.framework in Frameworks */,
				E45BE9830E8CC7DD009D7055 /* OpenGL.framework in Frameworks */,
				E45BE9840E8CC7DD009D7055 /* QuickTime.framework in Frameworks */,
				E4C2424710CC5A17004149E2 /* AppKit.framework in Frameworks */,
				E4C2424810CC5A17004149E2 /* Cocoa.framework in Frameworks */,
				77C609BF1A40BEE900093728 /* opencv.a in Frameworks */,
				E4C2424910CC5A17004149E2 /* IOKit.framework in Frameworks */,
				E7E077E515D3B63C0020DFD4 /* CoreVideo.framework in Frameworks */,
			);
			runOnlyForDeploymentPostprocessing = 0;
		};
/* End PBXFrameworksBuildPhase section */

/* Begin PBXGroup section */
		7710115B1A696CF100EDD62D /* ofxMask */ = {
			isa = PBXGroup;
			children = (
				7710115C1A696CF100EDD62D /* src */,
			);
			name = ofxMask;
			sourceTree = "<group>";
		};
		7710115C1A696CF100EDD62D /* src */ = {
			isa = PBXGroup;
			children = (
				7710115D1A696CF100EDD62D /* ofxMask.cpp */,
				7710115E1A696CF100EDD62D /* ofxMask.h */,
			);
			name = src;
			path = ../../ofxMask/src;
			sourceTree = "<group>";
		};
		77560CEF1A41BC4600A05C1C /* ofxFontStash */ = {
			isa = PBXGroup;
			children = (
				77560CF01A41BC4600A05C1C /* src */,
				77560CF31A41BC4600A05C1C /* libs */,
			);
			name = ofxFontStash;
			sourceTree = "<group>";
		};
		77560CF01A41BC4600A05C1C /* src */ = {
			isa = PBXGroup;
			children = (
				77560CF11A41BC4600A05C1C /* ofxFontStash.cpp */,
				77560CF21A41BC4600A05C1C /* ofxFontStash.h */,
			);
			name = src;
			path = ../../ofxFontStash/src;
			sourceTree = "<group>";
		};
		77560CF31A41BC4600A05C1C /* libs */ = {
			isa = PBXGroup;
			children = (
				77560CF41A41BC4600A05C1C /* fontstash */,
			);
			name = libs;
			path = ../../ofxFontStash/libs;
			sourceTree = "<group>";
		};
		77560CF41A41BC4600A05C1C /* fontstash */ = {
			isa = PBXGroup;
			children = (
				77560CF51A41BC4600A05C1C /* src */,
			);
			path = fontstash;
			sourceTree = "<group>";
		};
		77560CF51A41BC4600A05C1C /* src */ = {
			isa = PBXGroup;
			children = (
				77560CF61A41BC4600A05C1C /* fontstash.c */,
				77560CF71A41BC4600A05C1C /* fontstash.h */,
				77560CF81A41BC4600A05C1C /* stb_truetype.c */,
				77560CF91A41BC4600A05C1C /* stb_truetype.h */,
			);
			path = src;
			sourceTree = "<group>";
		};
		77560CFD1A41BC8700A05C1C /* ofxUnicode */ = {
			isa = PBXGroup;
			children = (
				77560CFE1A41BC8700A05C1C /* src */,
				77560D051A41BC8700A05C1C /* libs */,
			);
			name = ofxUnicode;
			sourceTree = "<group>";
		};
		77560CFE1A41BC8700A05C1C /* src */ = {
			isa = PBXGroup;
			children = (
				77560CFF1A41BC8700A05C1C /* ofTextConverter.cpp */,
				77560D001A41BC8700A05C1C /* ofTextConverter.h */,
				77560D011A41BC8700A05C1C /* ofUnicode.cpp */,
				77560D021A41BC8700A05C1C /* ofUnicode.h */,
				77560D031A41BC8700A05C1C /* ofUTF8.cpp */,
				77560D041A41BC8700A05C1C /* ofUTF8.h */,
			);
			name = src;
			path = ../../ofxUnicode/src;
			sourceTree = "<group>";
		};
		77560D051A41BC8700A05C1C /* libs */ = {
			isa = PBXGroup;
			children = (
				77560D061A41BC8700A05C1C /* utf8cpp */,
			);
			name = libs;
			path = ../../ofxUnicode/libs;
			sourceTree = "<group>";
		};
		77560D061A41BC8700A05C1C /* utf8cpp */ = {
			isa = PBXGroup;
			children = (
				77560D071A41BC8700A05C1C /* include */,
				77560D0D1A41BC8700A05C1C /* src */,
			);
			path = utf8cpp;
			sourceTree = "<group>";
		};
		77560D071A41BC8700A05C1C /* include */ = {
			isa = PBXGroup;
			children = (
				77560D081A41BC8700A05C1C /* utf8 */,
				77560D0C1A41BC8700A05C1C /* utf8.h */,
			);
			path = include;
			sourceTree = "<group>";
		};
		77560D081A41BC8700A05C1C /* utf8 */ = {
			isa = PBXGroup;
			children = (
				77560D091A41BC8700A05C1C /* checked.h */,
				77560D0A1A41BC8700A05C1C /* core.h */,
				77560D0B1A41BC8700A05C1C /* unchecked.h */,
			);
			path = utf8;
			sourceTree = "<group>";
		};
		77560D0D1A41BC8700A05C1C /* src */ = {
			isa = PBXGroup;
			children = (
				77560D0E1A41BC8700A05C1C /* utf8_v2_3_1 */,
			);
			path = src;
			sourceTree = "<group>";
		};
		77560D0E1A41BC8700A05C1C /* utf8_v2_3_1 */ = {
			isa = PBXGroup;
			children = (
				77560D0F1A41BC8700A05C1C /* doc */,
				77560D121A41BC8700A05C1C /* source */,
			);
			path = utf8_v2_3_1;
			sourceTree = "<group>";
		};
		77560D0F1A41BC8700A05C1C /* doc */ = {
			isa = PBXGroup;
			children = (
				77560D101A41BC8700A05C1C /* ReleaseNotes */,
				77560D111A41BC8700A05C1C /* utf8cpp.html */,
			);
			path = doc;
			sourceTree = "<group>";
		};
		77560D121A41BC8700A05C1C /* source */ = {
			isa = PBXGroup;
			children = (
				77560D131A41BC8700A05C1C /* utf8 */,
				77560D171A41BC8700A05C1C /* utf8.h */,
			);
			path = source;
			sourceTree = "<group>";
		};
		77560D131A41BC8700A05C1C /* utf8 */ = {
			isa = PBXGroup;
			children = (
				77560D141A41BC8700A05C1C /* checked.h */,
				77560D151A41BC8700A05C1C /* core.h */,
				77560D161A41BC8700A05C1C /* unchecked.h */,
			);
			path = utf8;
			sourceTree = "<group>";
		};
		77C6088F1A3F8AF700093728 /* ofxJSON */ = {
			isa = PBXGroup;
			children = (
				77C608901A3F8AF700093728 /* src */,
				77C608941A3F8AF700093728 /* libs */,
			);
			name = ofxJSON;
			sourceTree = "<group>";
		};
		77C608901A3F8AF700093728 /* src */ = {
			isa = PBXGroup;
			children = (
				77C608911A3F8AF700093728 /* ofxJSON.h */,
				77C608921A3F8AF700093728 /* ofxJSONElement.cpp */,
				77C608931A3F8AF700093728 /* ofxJSONElement.h */,
			);
			name = src;
			path = ../../ofxJSON/src;
			sourceTree = "<group>";
		};
		77C608941A3F8AF700093728 /* libs */ = {
			isa = PBXGroup;
			children = (
				77C608951A3F8AF700093728 /* jsoncpp */,
			);
			name = libs;
			path = ../../ofxJSON/libs;
			sourceTree = "<group>";
		};
		77C608951A3F8AF700093728 /* jsoncpp */ = {
			isa = PBXGroup;
			children = (
				77C608961A3F8AF700093728 /* include */,
				77C6089A1A3F8AF700093728 /* src */,
			);
			path = jsoncpp;
			sourceTree = "<group>";
		};
		77C608961A3F8AF700093728 /* include */ = {
			isa = PBXGroup;
			children = (
				77C608971A3F8AF700093728 /* json */,
			);
			path = include;
			sourceTree = "<group>";
		};
		77C608971A3F8AF700093728 /* json */ = {
			isa = PBXGroup;
			children = (
				77C608981A3F8AF700093728 /* json-forwards.h */,
				77C608991A3F8AF700093728 /* json.h */,
			);
			path = json;
			sourceTree = "<group>";
		};
		77C6089A1A3F8AF700093728 /* src */ = {
			isa = PBXGroup;
			children = (
				77C6089B1A3F8AF700093728 /* jsoncpp.cpp */,
			);
			path = src;
			sourceTree = "<group>";
		};
		77C608A81A40BE0200093728 /* ofxProgressiveTextureLoad */ = {
			isa = PBXGroup;
			children = (
				77C608A91A40BE0200093728 /* src */,
			);
			name = ofxProgressiveTextureLoad;
			sourceTree = "<group>";
		};
		77C608A91A40BE0200093728 /* src */ = {
			isa = PBXGroup;
			children = (
				77C608AA1A40BE0200093728 /* ofxProgressiveTextureLoad.cpp */,
				77C608AB1A40BE0200093728 /* ofxProgressiveTextureLoad.h */,
				77C608AC1A40BE0200093728 /* ProgressiveTextureLoadQueue.cpp */,
				77C608AD1A40BE0200093728 /* ProgressiveTextureLoadQueue.h */,
			);
			name = src;
			path = ../../ofxProgressiveTextureLoad/src;
			sourceTree = "<group>";
		};
		77C608B01A40BEE900093728 /* ofxOpenCv */ = {
			isa = PBXGroup;
			children = (
				77C608B11A40BEE900093728 /* src */,
				77C608C31A40BEE900093728 /* libs */,
			);
			name = ofxOpenCv;
			sourceTree = "<group>";
		};
		77C608B11A40BEE900093728 /* src */ = {
			isa = PBXGroup;
			children = (
				77C608B21A40BEE900093728 /* ofxCvBlob.h */,
				77C608B31A40BEE900093728 /* ofxCvColorImage.cpp */,
				77C608B41A40BEE900093728 /* ofxCvColorImage.h */,
				77C608B51A40BEE900093728 /* ofxCvConstants.h */,
				77C608B61A40BEE900093728 /* ofxCvContourFinder.cpp */,
				77C608B71A40BEE900093728 /* ofxCvContourFinder.h */,
				77C608B81A40BEE900093728 /* ofxCvFloatImage.cpp */,
				77C608B91A40BEE900093728 /* ofxCvFloatImage.h */,
				77C608BA1A40BEE900093728 /* ofxCvGrayscaleImage.cpp */,
				77C608BB1A40BEE900093728 /* ofxCvGrayscaleImage.h */,
				77C608BC1A40BEE900093728 /* ofxCvHaarFinder.cpp */,
				77C608BD1A40BEE900093728 /* ofxCvHaarFinder.h */,
				77C608BE1A40BEE900093728 /* ofxCvImage.cpp */,
				77C608BF1A40BEE900093728 /* ofxCvImage.h */,
				77C608C01A40BEE900093728 /* ofxCvShortImage.cpp */,
				77C608C11A40BEE900093728 /* ofxCvShortImage.h */,
				77C608C21A40BEE900093728 /* ofxOpenCv.h */,
			);
			name = src;
			path = ../../openFrameworks/addons/ofxOpenCv/src;
			sourceTree = "<group>";
		};
		77C608C31A40BEE900093728 /* libs */ = {
			isa = PBXGroup;
			children = (
				77C608C41A40BEE900093728 /* opencv */,
			);
			name = libs;
			path = ../../openFrameworks/addons/ofxOpenCv/libs;
			sourceTree = "<group>";
		};
		77C608C41A40BEE900093728 /* opencv */ = {
			isa = PBXGroup;
			children = (
				77C608C51A40BEE900093728 /* include */,
				77C609271A40BEE900093728 /* lib */,
			);
			path = opencv;
			sourceTree = "<group>";
		};
		77C608C51A40BEE900093728 /* include */ = {
			isa = PBXGroup;
			children = (
				77C608C61A40BEE900093728 /* opencv */,
				77C608D21A40BEE900093728 /* opencv2 */,
			);
			path = include;
			sourceTree = "<group>";
		};
		77C608C61A40BEE900093728 /* opencv */ = {
			isa = PBXGroup;
			children = (
				77C608C71A40BEE900093728 /* cv.h */,
				77C608C81A40BEE900093728 /* cv.hpp */,
				77C608C91A40BEE900093728 /* cvaux.h */,
				77C608CA1A40BEE900093728 /* cvaux.hpp */,
				77C608CB1A40BEE900093728 /* cvwimage.h */,
				77C608CC1A40BEE900093728 /* cxcore.h */,
				77C608CD1A40BEE900093728 /* cxcore.hpp */,
				77C608CE1A40BEE900093728 /* cxeigen.hpp */,
				77C608CF1A40BEE900093728 /* cxmisc.h */,
				77C608D01A40BEE900093728 /* highgui.h */,
				77C608D11A40BEE900093728 /* ml.h */,
			);
			path = opencv;
			sourceTree = "<group>";
		};
		77C608D21A40BEE900093728 /* opencv2 */ = {
			isa = PBXGroup;
			children = (
				77C608D31A40BEE900093728 /* calib3d */,
				77C608D51A40BEE900093728 /* contrib */,
				77C608D81A40BEE900093728 /* core */,
				77C608E21A40BEE900093728 /* features2d */,
				77C608E41A40BEE900093728 /* flann */,
				77C609091A40BEE900093728 /* gpu */,
				77C6090F1A40BEE900093728 /* highgui */,
				77C609121A40BEE900093728 /* imgproc */,
				77C609161A40BEE900093728 /* legacy */,
				77C6091B1A40BEE900093728 /* ml */,
				77C6091D1A40BEE900093728 /* objdetect */,
				77C6091F1A40BEE900093728 /* opencv.hpp */,
				77C609201A40BEE900093728 /* ts */,
				77C609231A40BEE900093728 /* video */,
			);
			path = opencv2;
			sourceTree = "<group>";
		};
		77C608D31A40BEE900093728 /* calib3d */ = {
			isa = PBXGroup;
			children = (
				77C608D41A40BEE900093728 /* calib3d.hpp */,
			);
			path = calib3d;
			sourceTree = "<group>";
		};
		77C608D51A40BEE900093728 /* contrib */ = {
			isa = PBXGroup;
			children = (
				77C608D61A40BEE900093728 /* contrib.hpp */,
				77C608D71A40BEE900093728 /* retina.hpp */,
			);
			path = contrib;
			sourceTree = "<group>";
		};
		77C608D81A40BEE900093728 /* core */ = {
			isa = PBXGroup;
			children = (
				77C608D91A40BEE900093728 /* core.hpp */,
				77C608DA1A40BEE900093728 /* core_c.h */,
				77C608DB1A40BEE900093728 /* eigen.hpp */,
				77C608DC1A40BEE900093728 /* internal.hpp */,
				77C608DD1A40BEE900093728 /* mat.hpp */,
				77C608DE1A40BEE900093728 /* operations.hpp */,
				77C608DF1A40BEE900093728 /* types_c.h */,
				77C608E01A40BEE900093728 /* version.hpp */,
				77C608E11A40BEE900093728 /* wimage.hpp */,
			);
			path = core;
			sourceTree = "<group>";
		};
		77C608E21A40BEE900093728 /* features2d */ = {
			isa = PBXGroup;
			children = (
				77C608E31A40BEE900093728 /* features2d.hpp */,
			);
			path = features2d;
			sourceTree = "<group>";
		};
		77C608E41A40BEE900093728 /* flann */ = {
			isa = PBXGroup;
			children = (
				77C608E51A40BEE900093728 /* all_indices.h */,
				77C608E61A40BEE900093728 /* allocator.h */,
				77C608E71A40BEE900093728 /* any.h */,
				77C608E81A40BEE900093728 /* autotuned_index.h */,
				77C608E91A40BEE900093728 /* composite_index.h */,
				77C608EA1A40BEE900093728 /* config.h */,
				77C608EB1A40BEE900093728 /* defines.h */,
				77C608EC1A40BEE900093728 /* dist.h */,
				77C608ED1A40BEE900093728 /* dummy.h */,
				77C608EE1A40BEE900093728 /* dynamic_bitset.h */,
				77C608EF1A40BEE900093728 /* flann.hpp */,
				77C608F01A40BEE900093728 /* flann_base.hpp */,
				77C608F11A40BEE900093728 /* general.h */,
				77C608F21A40BEE900093728 /* ground_truth.h */,
				77C608F31A40BEE900093728 /* hdf5.h */,
				77C608F41A40BEE900093728 /* heap.h */,
				77C608F51A40BEE900093728 /* hierarchical_clustering_index.h */,
				77C608F61A40BEE900093728 /* index_testing.h */,
				77C608F71A40BEE900093728 /* kdtree_index.h */,
				77C608F81A40BEE900093728 /* kdtree_single_index.h */,
				77C608F91A40BEE900093728 /* kmeans_index.h */,
				77C608FA1A40BEE900093728 /* linear_index.h */,
				77C608FB1A40BEE900093728 /* logger.h */,
				77C608FC1A40BEE900093728 /* lsh_index.h */,
				77C608FD1A40BEE900093728 /* lsh_table.h */,
				77C608FE1A40BEE900093728 /* matrix.h */,
				77C608FF1A40BEE900093728 /* miniflann.hpp */,
				77C609001A40BEE900093728 /* nn_index.h */,
				77C609011A40BEE900093728 /* object_factory.h */,
				77C609021A40BEE900093728 /* params.h */,
				77C609031A40BEE900093728 /* random.h */,
				77C609041A40BEE900093728 /* result_set.h */,
				77C609051A40BEE900093728 /* sampling.h */,
				77C609061A40BEE900093728 /* saving.h */,
				77C609071A40BEE900093728 /* simplex_downhill.h */,
				77C609081A40BEE900093728 /* timer.h */,
			);
			path = flann;
			sourceTree = "<group>";
		};
		77C609091A40BEE900093728 /* gpu */ = {
			isa = PBXGroup;
			children = (
				77C6090A1A40BEE900093728 /* devmem2d.hpp */,
				77C6090B1A40BEE900093728 /* gpu.hpp */,
				77C6090C1A40BEE900093728 /* gpumat.hpp */,
				77C6090D1A40BEE900093728 /* matrix_operations.hpp */,
				77C6090E1A40BEE900093728 /* stream_accessor.hpp */,
			);
			path = gpu;
			sourceTree = "<group>";
		};
		77C6090F1A40BEE900093728 /* highgui */ = {
			isa = PBXGroup;
			children = (
				77C609101A40BEE900093728 /* highgui.hpp */,
				77C609111A40BEE900093728 /* highgui_c.h */,
			);
			path = highgui;
			sourceTree = "<group>";
		};
		77C609121A40BEE900093728 /* imgproc */ = {
			isa = PBXGroup;
			children = (
				77C609131A40BEE900093728 /* imgproc.hpp */,
				77C609141A40BEE900093728 /* imgproc_c.h */,
				77C609151A40BEE900093728 /* types_c.h */,
			);
			path = imgproc;
			sourceTree = "<group>";
		};
		77C609161A40BEE900093728 /* legacy */ = {
			isa = PBXGroup;
			children = (
				77C609171A40BEE900093728 /* blobtrack.hpp */,
				77C609181A40BEE900093728 /* compat.hpp */,
				77C609191A40BEE900093728 /* legacy.hpp */,
				77C6091A1A40BEE900093728 /* streams.hpp */,
			);
			path = legacy;
			sourceTree = "<group>";
		};
		77C6091B1A40BEE900093728 /* ml */ = {
			isa = PBXGroup;
			children = (
				77C6091C1A40BEE900093728 /* ml.hpp */,
			);
			path = ml;
			sourceTree = "<group>";
		};
		77C6091D1A40BEE900093728 /* objdetect */ = {
			isa = PBXGroup;
			children = (
				77C6091E1A40BEE900093728 /* objdetect.hpp */,
			);
			path = objdetect;
			sourceTree = "<group>";
		};
		77C609201A40BEE900093728 /* ts */ = {
			isa = PBXGroup;
			children = (
				77C609211A40BEE900093728 /* ts.hpp */,
				77C609221A40BEE900093728 /* ts_gtest.h */,
			);
			path = ts;
			sourceTree = "<group>";
		};
		77C609231A40BEE900093728 /* video */ = {
			isa = PBXGroup;
			children = (
				77C609241A40BEE900093728 /* background_segm.hpp */,
				77C609251A40BEE900093728 /* tracking.hpp */,
				77C609261A40BEE900093728 /* video.hpp */,
			);
			path = video;
			sourceTree = "<group>";
		};
		77C609271A40BEE900093728 /* lib */ = {
			isa = PBXGroup;
			children = (
				77C609891A40BEE900093728 /* osx */,
			);
			path = lib;
			sourceTree = "<group>";
		};
		77C609891A40BEE900093728 /* osx */ = {
			isa = PBXGroup;
			children = (
				77C6098A1A40BEE900093728 /* opencv.a */,
			);
			path = osx;
			sourceTree = "<group>";
		};
		77C609C01A40BF8500093728 /* ofxMSATimer */ = {
			isa = PBXGroup;
			children = (
				77C609C11A40BF8500093728 /* src */,
			);
			name = ofxMSATimer;
			sourceTree = "<group>";
		};
		77C609C11A40BF8500093728 /* src */ = {
			isa = PBXGroup;
			children = (
				77C609C21A40BF8500093728 /* ofxMSATimer.cpp */,
				77C609C31A40BF8500093728 /* ofxMSATimer.h */,
			);
			name = src;
			path = ../../ofxMSATimer/src;
			sourceTree = "<group>";
		};
		77DF6CAC1A5D9709004328D3 /* ofxTimeMeasurements */ = {
			isa = PBXGroup;
			children = (
				77DF6CAD1A5D970A004328D3 /* src */,
				77DF6CB01A5D970A004328D3 /* lib */,
			);
			name = ofxTimeMeasurements;
			sourceTree = "<group>";
		};
		77DF6CAD1A5D970A004328D3 /* src */ = {
			isa = PBXGroup;
			children = (
				77DF6CAE1A5D970A004328D3 /* ofxTimeMeasurements.cpp */,
				77DF6CAF1A5D970A004328D3 /* ofxTimeMeasurements.h */,
			);
			name = src;
			path = ../../ofxTimeMeasurements/src;
			sourceTree = "<group>";
		};
		77DF6CB01A5D970A004328D3 /* lib */ = {
			isa = PBXGroup;
			children = (
				77DF6CB11A5D970A004328D3 /* tree.h */,
			);
			name = lib;
			path = ../../ofxTimeMeasurements/lib;
			sourceTree = "<group>";
		};
		77E846BC1A5AFDDD00DF11CB /* ofxLoaderSpool */ = {
			isa = PBXGroup;
			children = (
				77E846BD1A5AFDDD00DF11CB /* src */,
			);
			name = ofxLoaderSpool;
			sourceTree = "<group>";
		};
		77E846BD1A5AFDDD00DF11CB /* src */ = {
			isa = PBXGroup;
			children = (
				77E846BE1A5AFDDD00DF11CB /* ofxLoaderBatch.cpp */,
				77E846BF1A5AFDDD00DF11CB /* ofxLoaderBatch.h */,
				77E846C01A5AFDDD00DF11CB /* ofxLoaderSpool.cpp */,
				77E846C11A5AFDDD00DF11CB /* ofxLoaderSpool.h */,
			);
			name = src;
			path = ../../ofxLoaderSpool/src;
			sourceTree = "<group>";
		};
		77E9160C1A3B32B000C1362E /* ofxLayout */ = {
			isa = PBXGroup;
			children = (
				77E9160D1A3B32B000C1362E /* src */,
			);
			name = ofxLayout;
			sourceTree = "<group>";
		};
		77E9160D1A3B32B000C1362E /* src */ = {
			isa = PBXGroup;
			children = (
				77E9160E1A3B32B000C1362E /* ofxLayoutElement.cpp */,
				77E9160F1A3B32B000C1362E /* ofxLayoutElement.h */,
				77E916111A3B4B3E00C1362E /* ofxOSS.cpp */,
				77E916121A3B4B3E00C1362E /* ofxOSS.h */,
				77560D261A487D2200A05C1C /* ofxLayout.cpp */,
				77560D271A487D2300A05C1C /* ofxLayout.h */,
				772B07B51A5C46DD00141777 /* ofxLayoutTextElement.cpp */,
				772B07B61A5C46DD00141777 /* ofxLayoutTextElement.h */,
			);
			name = src;
			path = ../src;
			sourceTree = "<group>";
		};
		77E916161A3F5FF300C1362E /* ofxXmlSettings */ = {
			isa = PBXGroup;
			children = (
				77E916171A3F5FF300C1362E /* src */,
				77E9161A1A3F5FF300C1362E /* libs */,
			);
			name = ofxXmlSettings;
			sourceTree = "<group>";
		};
		77E916171A3F5FF300C1362E /* src */ = {
			isa = PBXGroup;
			children = (
				77E916181A3F5FF300C1362E /* ofxXmlSettings.cpp */,
				77E916191A3F5FF300C1362E /* ofxXmlSettings.h */,
			);
			name = src;
			path = "../../../projects/brookfield/brookfield-place-of/openFrameworks/addons/ofxXmlSettings/src";
			sourceTree = "<group>";
		};
		77E9161A1A3F5FF300C1362E /* libs */ = {
			isa = PBXGroup;
			children = (
				77E9161B1A3F5FF300C1362E /* tinyxml.cpp */,
				77E9161C1A3F5FF300C1362E /* tinyxml.h */,
				77E9161D1A3F5FF300C1362E /* tinyxmlerror.cpp */,
				77E9161E1A3F5FF300C1362E /* tinyxmlparser.cpp */,
			);
			name = libs;
			path = "../../../projects/brookfield/brookfield-place-of/openFrameworks/addons/ofxXmlSettings/libs";
			sourceTree = "<group>";
		};
		BB4B014C10F69532006C3DED /* addons */ = {
			isa = PBXGroup;
			children = (
				7710115B1A696CF100EDD62D /* ofxMask */,
				77DF6CAC1A5D9709004328D3 /* ofxTimeMeasurements */,
				77E846BC1A5AFDDD00DF11CB /* ofxLoaderSpool */,
				77560CFD1A41BC8700A05C1C /* ofxUnicode */,
				77560CEF1A41BC4600A05C1C /* ofxFontStash */,
				77C609C01A40BF8500093728 /* ofxMSATimer */,
				77C608B01A40BEE900093728 /* ofxOpenCv */,
				77C608A81A40BE0200093728 /* ofxProgressiveTextureLoad */,
				77C6088F1A3F8AF700093728 /* ofxJSON */,
				77E916161A3F5FF300C1362E /* ofxXmlSettings */,
				77E9160C1A3B32B000C1362E /* ofxLayout */,
			);
			name = addons;
			sourceTree = "<group>";
		};
		BBAB23C913894ECA00AA2426 /* system frameworks */ = {
			isa = PBXGroup;
			children = (
				E7F985F515E0DE99003869B5 /* Accelerate.framework */,
				E4C2424410CC5A17004149E2 /* AppKit.framework */,
				E4C2424510CC5A17004149E2 /* Cocoa.framework */,
				E4C2424610CC5A17004149E2 /* IOKit.framework */,
				E45BE9710E8CC7DD009D7055 /* AGL.framework */,
				E45BE9720E8CC7DD009D7055 /* ApplicationServices.framework */,
				E45BE9730E8CC7DD009D7055 /* AudioToolbox.framework */,
				E45BE9750E8CC7DD009D7055 /* CoreAudio.framework */,
				E45BE9760E8CC7DD009D7055 /* CoreFoundation.framework */,
				E45BE9770E8CC7DD009D7055 /* CoreServices.framework */,
				E45BE9790E8CC7DD009D7055 /* OpenGL.framework */,
				E45BE97A0E8CC7DD009D7055 /* QuickTime.framework */,
				E7E077E415D3B63C0020DFD4 /* CoreVideo.framework */,
				E7E077E715D3B6510020DFD4 /* QTKit.framework */,
			);
			name = "system frameworks";
			sourceTree = "<group>";
		};
		BBAB23CA13894EDB00AA2426 /* 3rd party frameworks */ = {
			isa = PBXGroup;
			children = (
				BBAB23BE13894E4700AA2426 /* GLUT.framework */,
			);
			name = "3rd party frameworks";
			sourceTree = "<group>";
		};
		E4328144138ABC890047C5CB /* Products */ = {
			isa = PBXGroup;
			children = (
				E4328148138ABC890047C5CB /* openFrameworksDebug.a */,
			);
			name = Products;
			sourceTree = "<group>";
		};
		E45BE5980E8CC70C009D7055 /* frameworks */ = {
			isa = PBXGroup;
			children = (
				BBAB23CA13894EDB00AA2426 /* 3rd party frameworks */,
				BBAB23C913894ECA00AA2426 /* system frameworks */,
			);
			name = frameworks;
			sourceTree = "<group>";
		};
		E4B69B4A0A3A1720003C02F2 = {
			isa = PBXGroup;
			children = (
				77C609CB1A411ECA00093728 /* CoreMedia.framework */,
				77C609C91A411EBA00093728 /* QuartzCore.framework */,
				77C609C71A411EAD00093728 /* AVFoundation.framework */,
				E4B6FCAD0C3E899E008CF71C /* openFrameworks-Info.plist */,
				E4EB6923138AFD0F00A09F29 /* Project.xcconfig */,
				E4B69E1C0A3A1BDC003C02F2 /* src */,
				E4EEC9E9138DF44700A80321 /* openFrameworks */,
				BB4B014C10F69532006C3DED /* addons */,
				E45BE5980E8CC70C009D7055 /* frameworks */,
				E4B69B5B0A3A1756003C02F2 /* exampleDebug.app */,
			);
			sourceTree = "<group>";
		};
		E4B69E1C0A3A1BDC003C02F2 /* src */ = {
			isa = PBXGroup;
			children = (
				E4B69E1D0A3A1BDC003C02F2 /* main.cpp */,
				E4B69E1E0A3A1BDC003C02F2 /* ofApp.cpp */,
				E4B69E1F0A3A1BDC003C02F2 /* ofApp.h */,
			);
			path = src;
			sourceTree = SOURCE_ROOT;
		};
		E4EEC9E9138DF44700A80321 /* openFrameworks */ = {
			isa = PBXGroup;
			children = (
				E4EB691F138AFCF100A09F29 /* CoreOF.xcconfig */,
				E4328143138ABC890047C5CB /* openFrameworksLib.xcodeproj */,
			);
			name = openFrameworks;
			sourceTree = "<group>";
		};
/* End PBXGroup section */

/* Begin PBXNativeTarget section */
		E4B69B5A0A3A1756003C02F2 /* example */ = {
			isa = PBXNativeTarget;
			buildConfigurationList = E4B69B5F0A3A1757003C02F2 /* Build configuration list for PBXNativeTarget "example" */;
			buildPhases = (
				E4B69B580A3A1756003C02F2 /* Sources */,
				E4B69B590A3A1756003C02F2 /* Frameworks */,
				E4B6FFFD0C3F9AB9008CF71C /* ShellScript */,
				E4C2427710CC5ABF004149E2 /* CopyFiles */,
			);
			buildRules = (
			);
			dependencies = (
				E4EEB9AC138B136A00A80321 /* PBXTargetDependency */,
			);
			name = example;
			productName = myOFApp;
			productReference = E4B69B5B0A3A1756003C02F2 /* exampleDebug.app */;
			productType = "com.apple.product-type.application";
		};
/* End PBXNativeTarget section */

/* Begin PBXProject section */
		E4B69B4C0A3A1720003C02F2 /* Project object */ = {
			isa = PBXProject;
			attributes = {
				LastUpgradeCheck = 0460;
			};
			buildConfigurationList = E4B69B4D0A3A1720003C02F2 /* Build configuration list for PBXProject "example" */;
			compatibilityVersion = "Xcode 3.2";
			developmentRegion = English;
			hasScannedForEncodings = 0;
			knownRegions = (
				English,
				Japanese,
				French,
				German,
			);
			mainGroup = E4B69B4A0A3A1720003C02F2;
			productRefGroup = E4B69B4A0A3A1720003C02F2;
			projectDirPath = "";
			projectReferences = (
				{
					ProductGroup = E4328144138ABC890047C5CB /* Products */;
					ProjectRef = E4328143138ABC890047C5CB /* openFrameworksLib.xcodeproj */;
				},
			);
			projectRoot = "";
			targets = (
				E4B69B5A0A3A1756003C02F2 /* example */,
			);
		};
/* End PBXProject section */

/* Begin PBXReferenceProxy section */
		E4328148138ABC890047C5CB /* openFrameworksDebug.a */ = {
			isa = PBXReferenceProxy;
			fileType = archive.ar;
			path = openFrameworksDebug.a;
			remoteRef = E4328147138ABC890047C5CB /* PBXContainerItemProxy */;
			sourceTree = BUILT_PRODUCTS_DIR;
		};
/* End PBXReferenceProxy section */

/* Begin PBXShellScriptBuildPhase section */
		E4B6FFFD0C3F9AB9008CF71C /* ShellScript */ = {
			isa = PBXShellScriptBuildPhase;
			buildActionMask = 2147483647;
			files = (
			);
			inputPaths = (
			);
			outputPaths = (
			);
			runOnlyForDeploymentPostprocessing = 0;
			shellPath = /bin/sh;
			shellScript = "cp -f ../../openFrameworks/libs/fmodex/lib/osx/libfmodex.dylib \"$TARGET_BUILD_DIR/$PRODUCT_NAME.app/Contents/MacOS/libfmodex.dylib\"; install_name_tool -change ./libfmodex.dylib @executable_path/libfmodex.dylib \"$TARGET_BUILD_DIR/$PRODUCT_NAME.app/Contents/MacOS/$PRODUCT_NAME\";\nmkdir -p \"$TARGET_BUILD_DIR/$PRODUCT_NAME.app/Contents/Resources/\"\ncp -f \"$ICON_FILE\" \"$TARGET_BUILD_DIR/$PRODUCT_NAME.app/Contents/Resources/\"\n";
		};
/* End PBXShellScriptBuildPhase section */

/* Begin PBXSourcesBuildPhase section */
		E4B69B580A3A1756003C02F2 /* Sources */ = {
			isa = PBXSourcesBuildPhase;
			buildActionMask = 2147483647;
			files = (
				E4B69E200A3A1BDC003C02F2 /* main.cpp in Sources */,
				77560D1A1A41BC8700A05C1C /* ofUTF8.cpp in Sources */,
				77E916201A3F5FF300C1362E /* tinyxml.cpp in Sources */,
				77560CFB1A41BC4600A05C1C /* fontstash.c in Sources */,
				77C609BD1A40BEE900093728 /* ofxCvImage.cpp in Sources */,
				77C609BC1A40BEE900093728 /* ofxCvHaarFinder.cpp in Sources */,
				77E916131A3B4B3E00C1362E /* ofxOSS.cpp in Sources */,
				77DF6CB21A5D970A004328D3 /* ofxTimeMeasurements.cpp in Sources */,
				77C609BA1A40BEE900093728 /* ofxCvFloatImage.cpp in Sources */,
				77E916101A3B32B000C1362E /* ofxLayoutElement.cpp in Sources */,
				77E846C21A5AFDDD00DF11CB /* ofxLoaderBatch.cpp in Sources */,
				77E916221A3F5FF300C1362E /* tinyxmlparser.cpp in Sources */,
				77C6089D1A3F8AF700093728 /* jsoncpp.cpp in Sources */,
				77C609BE1A40BEE900093728 /* ofxCvShortImage.cpp in Sources */,
				77C6089C1A3F8AF700093728 /* ofxJSONElement.cpp in Sources */,
				77C608AF1A40BE0200093728 /* ProgressiveTextureLoadQueue.cpp in Sources */,
				77E9161F1A3F5FF300C1362E /* ofxXmlSettings.cpp in Sources */,
				77560D281A487D2300A05C1C /* ofxLayout.cpp in Sources */,
				77E916211A3F5FF300C1362E /* tinyxmlerror.cpp in Sources */,
				77C609B81A40BEE900093728 /* ofxCvColorImage.cpp in Sources */,
				772B07B71A5C46DD00141777 /* ofxLayoutTextElement.cpp in Sources */,
				7710115F1A696CF100EDD62D /* ofxMask.cpp in Sources */,
				77C609BB1A40BEE900093728 /* ofxCvGrayscaleImage.cpp in Sources */,
				77560CFA1A41BC4600A05C1C /* ofxFontStash.cpp in Sources */,
				77560D191A41BC8700A05C1C /* ofUnicode.cpp in Sources */,
				77E846C31A5AFDDD00DF11CB /* ofxLoaderSpool.cpp in Sources */,
				77C609B91A40BEE900093728 /* ofxCvContourFinder.cpp in Sources */,
				77C608AE1A40BE0200093728 /* ofxProgressiveTextureLoad.cpp in Sources */,
				E4B69E210A3A1BDC003C02F2 /* ofApp.cpp in Sources */,
				77C609C41A40BF8500093728 /* ofxMSATimer.cpp in Sources */,
				77560D181A41BC8700A05C1C /* ofTextConverter.cpp in Sources */,
				77560CFC1A41BC4600A05C1C /* stb_truetype.c in Sources */,
			);
			runOnlyForDeploymentPostprocessing = 0;
		};
/* End PBXSourcesBuildPhase section */

/* Begin PBXTargetDependency section */
		E4EEB9AC138B136A00A80321 /* PBXTargetDependency */ = {
			isa = PBXTargetDependency;
			name = openFrameworks;
			targetProxy = E4EEB9AB138B136A00A80321 /* PBXContainerItemProxy */;
		};
/* End PBXTargetDependency section */

/* Begin XCBuildConfiguration section */
		E4B69B4E0A3A1720003C02F2 /* Debug */ = {
			isa = XCBuildConfiguration;
			baseConfigurationReference = E4EB6923138AFD0F00A09F29 /* Project.xcconfig */;
			buildSettings = {
				ARCHS = "$(NATIVE_ARCH)";
				CONFIGURATION_BUILD_DIR = "$(SRCROOT)/bin/";
				COPY_PHASE_STRIP = NO;
				DEAD_CODE_STRIPPING = YES;
				GCC_AUTO_VECTORIZATION = YES;
				GCC_ENABLE_SSE3_EXTENSIONS = YES;
				GCC_ENABLE_SUPPLEMENTAL_SSE3_INSTRUCTIONS = YES;
				GCC_INLINES_ARE_PRIVATE_EXTERN = NO;
				GCC_OPTIMIZATION_LEVEL = 0;
				GCC_SYMBOLS_PRIVATE_EXTERN = NO;
				GCC_WARN_ABOUT_DEPRECATED_FUNCTIONS = YES;
				GCC_WARN_ABOUT_INVALID_OFFSETOF_MACRO = NO;
				GCC_WARN_ALLOW_INCOMPLETE_PROTOCOL = NO;
				GCC_WARN_UNINITIALIZED_AUTOS = NO;
				GCC_WARN_UNUSED_VALUE = NO;
				GCC_WARN_UNUSED_VARIABLE = NO;
				HEADER_SEARCH_PATHS = (
					"$(OF_CORE_HEADERS)",
					src,
				);
				MACOSX_DEPLOYMENT_TARGET = 10.6;
				OTHER_CPLUSPLUSFLAGS = (
					"-D__MACOSX_CORE__",
					"-lpthread",
					"-mtune=native",
				);
				SDKROOT = macosx;
			};
			name = Debug;
		};
		E4B69B4F0A3A1720003C02F2 /* Release */ = {
			isa = XCBuildConfiguration;
			baseConfigurationReference = E4EB6923138AFD0F00A09F29 /* Project.xcconfig */;
			buildSettings = {
				ARCHS = "$(NATIVE_ARCH)";
				CONFIGURATION_BUILD_DIR = "$(SRCROOT)/bin/";
				COPY_PHASE_STRIP = YES;
				DEAD_CODE_STRIPPING = YES;
				GCC_AUTO_VECTORIZATION = YES;
				GCC_ENABLE_SSE3_EXTENSIONS = YES;
				GCC_ENABLE_SUPPLEMENTAL_SSE3_INSTRUCTIONS = YES;
				GCC_INLINES_ARE_PRIVATE_EXTERN = NO;
				GCC_OPTIMIZATION_LEVEL = 3;
				GCC_SYMBOLS_PRIVATE_EXTERN = NO;
				GCC_UNROLL_LOOPS = YES;
				GCC_WARN_ABOUT_DEPRECATED_FUNCTIONS = YES;
				GCC_WARN_ABOUT_INVALID_OFFSETOF_MACRO = NO;
				GCC_WARN_ALLOW_INCOMPLETE_PROTOCOL = NO;
				GCC_WARN_UNINITIALIZED_AUTOS = NO;
				GCC_WARN_UNUSED_VALUE = NO;
				GCC_WARN_UNUSED_VARIABLE = NO;
				HEADER_SEARCH_PATHS = (
					"$(OF_CORE_HEADERS)",
					src,
				);
				MACOSX_DEPLOYMENT_TARGET = 10.6;
				OTHER_CPLUSPLUSFLAGS = (
					"-D__MACOSX_CORE__",
					"-lpthread",
					"-mtune=native",
				);
				SDKROOT = macosx;
			};
			name = Release;
		};
		E4B69B600A3A1757003C02F2 /* Debug */ = {
			isa = XCBuildConfiguration;
			buildSettings = {
				COMBINE_HIDPI_IMAGES = YES;
				COPY_PHASE_STRIP = NO;
				FRAMEWORK_SEARCH_PATHS = (
					"$(inherited)",
					"$(FRAMEWORK_SEARCH_PATHS_QUOTED_FOR_TARGET_1)",
				);
				FRAMEWORK_SEARCH_PATHS_QUOTED_FOR_TARGET_1 = "\"$(SRCROOT)/../../openFrameworks/libs/glut/lib/osx\"";
				GCC_DYNAMIC_NO_PIC = NO;
				GCC_GENERATE_DEBUGGING_SYMBOLS = YES;
				GCC_MODEL_TUNING = NONE;
				ICON = "$(ICON_NAME_DEBUG)";
				ICON_FILE = "$(ICON_FILE_PATH)$(ICON)";
				INFOPLIST_FILE = "openFrameworks-Info.plist";
				INSTALL_PATH = "$(HOME)/Applications";
				LIBRARY_SEARCH_PATHS = (
					"$(inherited)",
					"$(LIBRARY_SEARCH_PATHS_QUOTED_FOR_TARGET_1)",
					"$(LIBRARY_SEARCH_PATHS_QUOTED_FOR_TARGET_2)",
					"$(LIBRARY_SEARCH_PATHS_QUOTED_FOR_TARGET_3)",
					"$(LIBRARY_SEARCH_PATHS_QUOTED_FOR_TARGET_4)",
					"$(LIBRARY_SEARCH_PATHS_QUOTED_FOR_TARGET_5)",
					"$(LIBRARY_SEARCH_PATHS_QUOTED_FOR_TARGET_6)",
					"$(LIBRARY_SEARCH_PATHS_QUOTED_FOR_TARGET_7)",
					"$(LIBRARY_SEARCH_PATHS_QUOTED_FOR_TARGET_8)",
					"$(LIBRARY_SEARCH_PATHS_QUOTED_FOR_TARGET_9)",
					"$(LIBRARY_SEARCH_PATHS_QUOTED_FOR_TARGET_10)",
					"$(LIBRARY_SEARCH_PATHS_QUOTED_FOR_TARGET_11)",
					"$(LIBRARY_SEARCH_PATHS_QUOTED_FOR_TARGET_12)",
					"$(LIBRARY_SEARCH_PATHS_QUOTED_FOR_TARGET_13)",
					"$(LIBRARY_SEARCH_PATHS_QUOTED_FOR_TARGET_14)",
					"$(LIBRARY_SEARCH_PATHS_QUOTED_FOR_TARGET_15)",
					"$(LIBRARY_SEARCH_PATHS_QUOTED_FOR_TARGET_2)",
					"$(LIBRARY_SEARCH_PATHS_QUOTED_FOR_TARGET_3)",
					"$(LIBRARY_SEARCH_PATHS_QUOTED_FOR_TARGET_7)",
					"$(LIBRARY_SEARCH_PATHS_QUOTED_FOR_TARGET_8)",
					"$(LIBRARY_SEARCH_PATHS_QUOTED_FOR_TARGET_9)",
					"$(LIBRARY_SEARCH_PATHS_QUOTED_FOR_TARGET_10)",
					"$(LIBRARY_SEARCH_PATHS_QUOTED_FOR_TARGET_11)",
					"$(LIBRARY_SEARCH_PATHS_QUOTED_FOR_TARGET_12)",
					"$(LIBRARY_SEARCH_PATHS_QUOTED_FOR_TARGET_13)",
					"$(LIBRARY_SEARCH_PATHS_QUOTED_FOR_TARGET_16)",
					"$(LIBRARY_SEARCH_PATHS_QUOTED_FOR_TARGET_17)",
					"$(LIBRARY_SEARCH_PATHS_QUOTED_FOR_TARGET_18)",
					"$(LIBRARY_SEARCH_PATHS_QUOTED_FOR_TARGET_19)",
					"$(LIBRARY_SEARCH_PATHS_QUOTED_FOR_TARGET_20)",
					"$(LIBRARY_SEARCH_PATHS_QUOTED_FOR_TARGET_21)",
					"$(LIBRARY_SEARCH_PATHS_QUOTED_FOR_TARGET_22)",
					"$(LIBRARY_SEARCH_PATHS_QUOTED_FOR_TARGET_23)",
					"$(LIBRARY_SEARCH_PATHS_QUOTED_FOR_TARGET_24)",
					"$(LIBRARY_SEARCH_PATHS_QUOTED_FOR_TARGET_25)",
					"$(LIBRARY_SEARCH_PATHS_QUOTED_FOR_TARGET_26)",
					"$(LIBRARY_SEARCH_PATHS_QUOTED_FOR_TARGET_27)",
					"$(LIBRARY_SEARCH_PATHS_QUOTED_FOR_TARGET_28)",
					"$(LIBRARY_SEARCH_PATHS_QUOTED_FOR_TARGET_29)",
					"$(LIBRARY_SEARCH_PATHS_QUOTED_FOR_TARGET_30)",
					"$(LIBRARY_SEARCH_PATHS_QUOTED_FOR_TARGET_31)",
					"$(LIBRARY_SEARCH_PATHS_QUOTED_FOR_TARGET_32)",
					"$(LIBRARY_SEARCH_PATHS_QUOTED_FOR_TARGET_33)",
					"$(LIBRARY_SEARCH_PATHS_QUOTED_FOR_TARGET_34)",
					"$(LIBRARY_SEARCH_PATHS_QUOTED_FOR_TARGET_35)",
					"$(LIBRARY_SEARCH_PATHS_QUOTED_FOR_TARGET_36)",
					"$(LIBRARY_SEARCH_PATHS_QUOTED_FOR_TARGET_37)",
					"$(LIBRARY_SEARCH_PATHS_QUOTED_FOR_TARGET_38)",
					"$(LIBRARY_SEARCH_PATHS_QUOTED_FOR_TARGET_39)",
					"$(LIBRARY_SEARCH_PATHS_QUOTED_FOR_TARGET_40)",
					"$(LIBRARY_SEARCH_PATHS_QUOTED_FOR_TARGET_41)",
					"$(LIBRARY_SEARCH_PATHS_QUOTED_FOR_TARGET_42)",
					"$(LIBRARY_SEARCH_PATHS_QUOTED_FOR_TARGET_43)",
					"$(LIBRARY_SEARCH_PATHS_QUOTED_FOR_TARGET_44)",
					"$(LIBRARY_SEARCH_PATHS_QUOTED_FOR_TARGET_45)",
					"$(LIBRARY_SEARCH_PATHS_QUOTED_FOR_TARGET_46)",
					"$(LIBRARY_SEARCH_PATHS_QUOTED_FOR_TARGET_47)",
					"$(LIBRARY_SEARCH_PATHS_QUOTED_FOR_TARGET_48)",
					"$(LIBRARY_SEARCH_PATHS_QUOTED_FOR_TARGET_49)",
					"$(LIBRARY_SEARCH_PATHS_QUOTED_FOR_TARGET_50)",
					"$(LIBRARY_SEARCH_PATHS_QUOTED_FOR_TARGET_51)",
					"$(LIBRARY_SEARCH_PATHS_QUOTED_FOR_TARGET_52)",
					"/Users/tylerparker/Dropbox/work/local-projects/addons/openFrameworks/addons/ofxOpenCv/libs/opencv/lib/osx",
				);
				PRODUCT_NAME = "$(TARGET_NAME)Debug";
				USER_HEADER_SEARCH_PATHS = "../../ofxUnicode/libs/utf8cpp/include/ ../../ofxJSON/libs/jsoncpp/include/ ../../openFrameworks/addons/ofxOpenCv/libs/opencv/include/";
				WRAPPER_EXTENSION = app;
			};
			name = Debug;
		};
		E4B69B610A3A1757003C02F2 /* Release */ = {
			isa = XCBuildConfiguration;
			buildSettings = {
				COMBINE_HIDPI_IMAGES = YES;
				COPY_PHASE_STRIP = YES;
				FRAMEWORK_SEARCH_PATHS = (
					"$(inherited)",
					"$(FRAMEWORK_SEARCH_PATHS_QUOTED_FOR_TARGET_1)",
				);
				FRAMEWORK_SEARCH_PATHS_QUOTED_FOR_TARGET_1 = "\"$(SRCROOT)/../../openFrameworks/libs/glut/lib/osx\"";
				GCC_GENERATE_DEBUGGING_SYMBOLS = YES;
				GCC_MODEL_TUNING = NONE;
				ICON = "$(ICON_NAME_RELEASE)";
				ICON_FILE = "$(ICON_FILE_PATH)$(ICON)";
				INFOPLIST_FILE = "openFrameworks-Info.plist";
				INSTALL_PATH = "$(HOME)/Applications";
				LIBRARY_SEARCH_PATHS = (
					"$(inherited)",
					"$(LIBRARY_SEARCH_PATHS_QUOTED_FOR_TARGET_1)",
					"$(LIBRARY_SEARCH_PATHS_QUOTED_FOR_TARGET_2)",
					"$(LIBRARY_SEARCH_PATHS_QUOTED_FOR_TARGET_3)",
					"$(LIBRARY_SEARCH_PATHS_QUOTED_FOR_TARGET_4)",
					"$(LIBRARY_SEARCH_PATHS_QUOTED_FOR_TARGET_5)",
					"$(LIBRARY_SEARCH_PATHS_QUOTED_FOR_TARGET_6)",
					"$(LIBRARY_SEARCH_PATHS_QUOTED_FOR_TARGET_7)",
					"$(LIBRARY_SEARCH_PATHS_QUOTED_FOR_TARGET_8)",
					"$(LIBRARY_SEARCH_PATHS_QUOTED_FOR_TARGET_9)",
					"$(LIBRARY_SEARCH_PATHS_QUOTED_FOR_TARGET_10)",
					"$(LIBRARY_SEARCH_PATHS_QUOTED_FOR_TARGET_11)",
					"$(LIBRARY_SEARCH_PATHS_QUOTED_FOR_TARGET_12)",
					"$(LIBRARY_SEARCH_PATHS_QUOTED_FOR_TARGET_13)",
					"$(LIBRARY_SEARCH_PATHS_QUOTED_FOR_TARGET_14)",
					"$(LIBRARY_SEARCH_PATHS_QUOTED_FOR_TARGET_15)",
					"$(LIBRARY_SEARCH_PATHS_QUOTED_FOR_TARGET_2)",
					"$(LIBRARY_SEARCH_PATHS_QUOTED_1)",
					"$(LIBRARY_SEARCH_PATHS_QUOTED_FOR_TARGET_3)",
					"$(LIBRARY_SEARCH_PATHS_QUOTED_FOR_TARGET_7)",
					"$(LIBRARY_SEARCH_PATHS_QUOTED_FOR_TARGET_8)",
					"$(LIBRARY_SEARCH_PATHS_QUOTED_FOR_TARGET_9)",
					"$(LIBRARY_SEARCH_PATHS_QUOTED_FOR_TARGET_10)",
					"$(LIBRARY_SEARCH_PATHS_QUOTED_FOR_TARGET_11)",
					"$(LIBRARY_SEARCH_PATHS_QUOTED_FOR_TARGET_12)",
					"$(LIBRARY_SEARCH_PATHS_QUOTED_FOR_TARGET_13)",
					"$(LIBRARY_SEARCH_PATHS_QUOTED_FOR_TARGET_16)",
					"$(LIBRARY_SEARCH_PATHS_QUOTED_FOR_TARGET_17)",
					"$(LIBRARY_SEARCH_PATHS_QUOTED_FOR_TARGET_18)",
					"$(LIBRARY_SEARCH_PATHS_QUOTED_FOR_TARGET_19)",
					"$(LIBRARY_SEARCH_PATHS_QUOTED_FOR_TARGET_20)",
					"$(LIBRARY_SEARCH_PATHS_QUOTED_FOR_TARGET_21)",
					"$(LIBRARY_SEARCH_PATHS_QUOTED_FOR_TARGET_22)",
					"$(LIBRARY_SEARCH_PATHS_QUOTED_FOR_TARGET_23)",
					"$(LIBRARY_SEARCH_PATHS_QUOTED_FOR_TARGET_24)",
					"$(LIBRARY_SEARCH_PATHS_QUOTED_FOR_TARGET_25)",
					"$(LIBRARY_SEARCH_PATHS_QUOTED_FOR_TARGET_26)",
					"$(LIBRARY_SEARCH_PATHS_QUOTED_FOR_TARGET_27)",
					"$(LIBRARY_SEARCH_PATHS_QUOTED_FOR_TARGET_28)",
					"$(LIBRARY_SEARCH_PATHS_QUOTED_FOR_TARGET_29)",
					"$(LIBRARY_SEARCH_PATHS_QUOTED_FOR_TARGET_30)",
					"$(LIBRARY_SEARCH_PATHS_QUOTED_FOR_TARGET_31)",
					"$(LIBRARY_SEARCH_PATHS_QUOTED_FOR_TARGET_32)",
					"$(LIBRARY_SEARCH_PATHS_QUOTED_FOR_TARGET_33)",
					"$(LIBRARY_SEARCH_PATHS_QUOTED_FOR_TARGET_34)",
					"$(LIBRARY_SEARCH_PATHS_QUOTED_FOR_TARGET_35)",
					"$(LIBRARY_SEARCH_PATHS_QUOTED_FOR_TARGET_36)",
					"$(LIBRARY_SEARCH_PATHS_QUOTED_FOR_TARGET_37)",
					"$(LIBRARY_SEARCH_PATHS_QUOTED_FOR_TARGET_38)",
					"$(LIBRARY_SEARCH_PATHS_QUOTED_FOR_TARGET_39)",
					"$(LIBRARY_SEARCH_PATHS_QUOTED_FOR_TARGET_40)",
					"$(LIBRARY_SEARCH_PATHS_QUOTED_FOR_TARGET_41)",
					"$(LIBRARY_SEARCH_PATHS_QUOTED_FOR_TARGET_42)",
					"$(LIBRARY_SEARCH_PATHS_QUOTED_FOR_TARGET_43)",
					"$(LIBRARY_SEARCH_PATHS_QUOTED_FOR_TARGET_44)",
					"$(LIBRARY_SEARCH_PATHS_QUOTED_FOR_TARGET_45)",
					"$(LIBRARY_SEARCH_PATHS_QUOTED_FOR_TARGET_46)",
					"$(LIBRARY_SEARCH_PATHS_QUOTED_FOR_TARGET_47)",
					"$(LIBRARY_SEARCH_PATHS_QUOTED_FOR_TARGET_48)",
					"$(LIBRARY_SEARCH_PATHS_QUOTED_FOR_TARGET_49)",
					"$(LIBRARY_SEARCH_PATHS_QUOTED_FOR_TARGET_50)",
					"$(LIBRARY_SEARCH_PATHS_QUOTED_FOR_TARGET_51)",
					"/Users/tylerparker/Dropbox/work/local-projects/addons/openFrameworks/addons/ofxOpenCv/libs/opencv/lib/osx",
				);
				PRODUCT_NAME = "$(TARGET_NAME)";
				USER_HEADER_SEARCH_PATHS = "../../ofxUnicode/libs/utf8cpp/include/ ../../ofxJSON/libs/jsoncpp/include/ ../../openFrameworks/addons/ofxOpenCv/libs/opencv/include/";
				WRAPPER_EXTENSION = app;
			};
			name = Release;
		};
/* End XCBuildConfiguration section */

/* Begin XCConfigurationList section */
		E4B69B4D0A3A1720003C02F2 /* Build configuration list for PBXProject "example" */ = {
			isa = XCConfigurationList;
			buildConfigurations = (
				E4B69B4E0A3A1720003C02F2 /* Debug */,
				E4B69B4F0A3A1720003C02F2 /* Release */,
			);
			defaultConfigurationIsVisible = 0;
			defaultConfigurationName = Release;
		};
		E4B69B5F0A3A1757003C02F2 /* Build configuration list for PBXNativeTarget "example" */ = {
			isa = XCConfigurationList;
			buildConfigurations = (
				E4B69B600A3A1757003C02F2 /* Debug */,
				E4B69B610A3A1757003C02F2 /* Release */,
			);
			defaultConfigurationIsVisible = 0;
			defaultConfigurationName = Release;
		};
/* End XCConfigurationList section */
	};
	rootObject = E4B69B4C0A3A1720003C02F2 /* Project object */;
}
